// !$*UTF8*$!
{
	archiveVersion = 1;
	classes = {
	};
	objectVersion = 55;
	objects = {

/* Begin PBXBuildFile section */
		A700D8EF271AFDB60055178A /* FirebaseAnalytics in Frameworks */ = {isa = PBXBuildFile; productRef = A700D8EE271AFDB60055178A /* FirebaseAnalytics */; };
		A700D8F1271AFDB60055178A /* FirebaseAuth in Frameworks */ = {isa = PBXBuildFile; productRef = A700D8F0271AFDB60055178A /* FirebaseAuth */; };
		A74A7D33271C050500947CC2 /* SFSymbolsHelper.swift in Sources */ = {isa = PBXBuildFile; fileRef = A74A7D32271C050500947CC2 /* SFSymbolsHelper.swift */; };
		A74A7D4D271C087800947CC2 /* LabelDistributionData.swift in Sources */ = {isa = PBXBuildFile; fileRef = A74A7D3B271C087800947CC2 /* LabelDistributionData.swift */; };
		A74A7D4E271C087800947CC2 /* LabelPackComponentData.swift in Sources */ = {isa = PBXBuildFile; fileRef = A74A7D3C271C087800947CC2 /* LabelPackComponentData.swift */; };
		A74A7D4F271C087800947CC2 /* LabelPackComponent.swift in Sources */ = {isa = PBXBuildFile; fileRef = A74A7D3D271C087800947CC2 /* LabelPackComponent.swift */; };
		A74A7D50271C087800947CC2 /* ItemTableViewCellData.swift in Sources */ = {isa = PBXBuildFile; fileRef = A74A7D3F271C087800947CC2 /* ItemTableViewCellData.swift */; };
		A74A7D51271C087800947CC2 /* ItemTableViewCell.swift in Sources */ = {isa = PBXBuildFile; fileRef = A74A7D40271C087800947CC2 /* ItemTableViewCell.swift */; };
		A74A7D52271C087800947CC2 /* ItemListProtocol.swift in Sources */ = {isa = PBXBuildFile; fileRef = A74A7D42271C087800947CC2 /* ItemListProtocol.swift */; };
		A74A7D53271C087800947CC2 /* ItemListView.swift in Sources */ = {isa = PBXBuildFile; fileRef = A74A7D43271C087800947CC2 /* ItemListView.swift */; };
		A74A7D54271C087800947CC2 /* SampleTest.swift in Sources */ = {isa = PBXBuildFile; fileRef = A74A7D45271C087800947CC2 /* SampleTest.swift */; };
		A74A7D55271C087800947CC2 /* PageViewComponent.swift in Sources */ = {isa = PBXBuildFile; fileRef = A74A7D47271C087800947CC2 /* PageViewComponent.swift */; };
		A74A7D56271C087800947CC2 /* PageViewComponentData.swift in Sources */ = {isa = PBXBuildFile; fileRef = A74A7D48271C087800947CC2 /* PageViewComponentData.swift */; };
		A74A7D5C271C08A700947CC2 /* ActionButtonType.swift in Sources */ = {isa = PBXBuildFile; fileRef = A74A7D58271C08A700947CC2 /* ActionButtonType.swift */; };
		A74A7D5D271C08A700947CC2 /* ActionButtonData.swift in Sources */ = {isa = PBXBuildFile; fileRef = A74A7D59271C08A700947CC2 /* ActionButtonData.swift */; };
		A74A7D5E271C08A700947CC2 /* ActionButton.swift in Sources */ = {isa = PBXBuildFile; fileRef = A74A7D5A271C08A700947CC2 /* ActionButton.swift */; };
		A74A7D5F271C08A700947CC2 /* ActionButtonTheme.swift in Sources */ = {isa = PBXBuildFile; fileRef = A74A7D5B271C08A700947CC2 /* ActionButtonTheme.swift */; };
		A74A7D62271C0BC000947CC2 /* String+Extension.swift in Sources */ = {isa = PBXBuildFile; fileRef = A74A7D60271C0BC000947CC2 /* String+Extension.swift */; };
		A74A7D63271C0BC000947CC2 /* UIView+Extensions.swift in Sources */ = {isa = PBXBuildFile; fileRef = A74A7D61271C0BC000947CC2 /* UIView+Extensions.swift */; };
		A74A7D65271C140B00947CC2 /* CommonUtilImages.swift in Sources */ = {isa = PBXBuildFile; fileRef = A74A7D64271C140B00947CC2 /* CommonUtilImages.swift */; };
		A74A7D69271C1F6600947CC2 /* GenericRowType.swift in Sources */ = {isa = PBXBuildFile; fileRef = A74A7D68271C1F6600947CC2 /* GenericRowType.swift */; };
		A74A7D6B271C207800947CC2 /* AccountViewDataFormatter.swift in Sources */ = {isa = PBXBuildFile; fileRef = A74A7D6A271C207800947CC2 /* AccountViewDataFormatter.swift */; };
		A74A7D6D271C209A00947CC2 /* AccountViewDataProtocol.swift in Sources */ = {isa = PBXBuildFile; fileRef = A74A7D6C271C209A00947CC2 /* AccountViewDataProtocol.swift */; };
		A74A7D71271C254100947CC2 /* ViewState.swift in Sources */ = {isa = PBXBuildFile; fileRef = A74A7D70271C254100947CC2 /* ViewState.swift */; };
		A74A7D74271C2ED700947CC2 /* SampleView.swift in Sources */ = {isa = PBXBuildFile; fileRef = A74A7D73271C2ED700947CC2 /* SampleView.swift */; };
		A74A7D77271C379600947CC2 /* HeaderView.swift in Sources */ = {isa = PBXBuildFile; fileRef = A74A7D76271C379600947CC2 /* HeaderView.swift */; };
		A74A7D79271C379C00947CC2 /* HeaderViewData.swift in Sources */ = {isa = PBXBuildFile; fileRef = A74A7D78271C379C00947CC2 /* HeaderViewData.swift */; };
		A74A7D7B271C3EF300947CC2 /* ItemListViewData.swift in Sources */ = {isa = PBXBuildFile; fileRef = A74A7D7A271C3EF300947CC2 /* ItemListViewData.swift */; };
		A767B16A271AB45D00FE2985 /* AppDelegate.swift in Sources */ = {isa = PBXBuildFile; fileRef = A767B169271AB45D00FE2985 /* AppDelegate.swift */; };
		A767B174271AB45D00FE2985 /* WeatherApplication.xcdatamodeld in Sources */ = {isa = PBXBuildFile; fileRef = A767B172271AB45D00FE2985 /* WeatherApplication.xcdatamodeld */; };
		A767B176271AB45E00FE2985 /* Assets.xcassets in Resources */ = {isa = PBXBuildFile; fileRef = A767B175271AB45E00FE2985 /* Assets.xcassets */; };
		A767B179271AB45E00FE2985 /* LaunchScreen.storyboard in Resources */ = {isa = PBXBuildFile; fileRef = A767B177271AB45E00FE2985 /* LaunchScreen.storyboard */; };
		A767B184271AB45E00FE2985 /* WeatherApplicationTests.swift in Sources */ = {isa = PBXBuildFile; fileRef = A767B183271AB45E00FE2985 /* WeatherApplicationTests.swift */; };
		A767B18E271AB45E00FE2985 /* WeatherApplicationUITests.swift in Sources */ = {isa = PBXBuildFile; fileRef = A767B18D271AB45E00FE2985 /* WeatherApplicationUITests.swift */; };
		A767B190271AB45E00FE2985 /* WeatherApplicationUITestsLaunchTests.swift in Sources */ = {isa = PBXBuildFile; fileRef = A767B18F271AB45E00FE2985 /* WeatherApplicationUITestsLaunchTests.swift */; };
		A767B19E271AB68B00FE2985 /* DefaultNetworkOperationPackage in Frameworks */ = {isa = PBXBuildFile; productRef = A767B19D271AB68B00FE2985 /* DefaultNetworkOperationPackage */; };
		A7D2D1B2271ACB2F0020A129 /* EndpointHelper.swift in Sources */ = {isa = PBXBuildFile; fileRef = A7D2D1B1271ACB2F0020A129 /* EndpointHelper.swift */; };
		A7D2D1C7271AD0360020A129 /* GenericValueProtocol.swift in Sources */ = {isa = PBXBuildFile; fileRef = A7D2D1B6271AD0360020A129 /* GenericValueProtocol.swift */; };
		A7D2D1C8271AD0360020A129 /* BaseViewController.swift in Sources */ = {isa = PBXBuildFile; fileRef = A7D2D1B7271AD0360020A129 /* BaseViewController.swift */; };
		A7D2D1C9271AD0360020A129 /* BaseTableViewCell.swift in Sources */ = {isa = PBXBuildFile; fileRef = A7D2D1B8271AD0360020A129 /* BaseTableViewCell.swift */; };
		A7D2D1CA271AD0360020A129 /* GenericDataProtocol.swift in Sources */ = {isa = PBXBuildFile; fileRef = A7D2D1B9271AD0360020A129 /* GenericDataProtocol.swift */; };
		A7D2D1CB271AD0360020A129 /* GenericBaseView.swift in Sources */ = {isa = PBXBuildFile; fileRef = A7D2D1BA271AD0360020A129 /* GenericBaseView.swift */; };
		A7D2D1CC271AD0360020A129 /* BaseView.swift in Sources */ = {isa = PBXBuildFile; fileRef = A7D2D1BB271AD0360020A129 /* BaseView.swift */; };
		A7D2D1CD271AD0360020A129 /* UIApplication+Extension.swift in Sources */ = {isa = PBXBuildFile; fileRef = A7D2D1BE271AD0360020A129 /* UIApplication+Extension.swift */; };
		A7D2D1CE271AD0360020A129 /* TabBarImages.swift in Sources */ = {isa = PBXBuildFile; fileRef = A7D2D1C0271AD0360020A129 /* TabBarImages.swift */; };
		A7D2D1CF271AD0360020A129 /* PageViewImages.swift in Sources */ = {isa = PBXBuildFile; fileRef = A7D2D1C1271AD0360020A129 /* PageViewImages.swift */; };
		A7D2D1D1271AD0360020A129 /* TutorialViewInfoStore.swift in Sources */ = {isa = PBXBuildFile; fileRef = A7D2D1C5271AD0360020A129 /* TutorialViewInfoStore.swift */; };
		A7D2D1D2271AD0360020A129 /* UserDefaultsWrapperHelper.swift in Sources */ = {isa = PBXBuildFile; fileRef = A7D2D1C6271AD0360020A129 /* UserDefaultsWrapperHelper.swift */; };
		A7D2D1D4271AD68D0020A129 /* GoogleService-Info.plist in Resources */ = {isa = PBXBuildFile; fileRef = A7D2D1D3271AD68D0020A129 /* GoogleService-Info.plist */; };
		A7D2D1DE271AE64B0020A129 /* MainViewBuilder.swift in Sources */ = {isa = PBXBuildFile; fileRef = A7D2D1DD271AE64B0020A129 /* MainViewBuilder.swift */; };
		A7D2D1E0271AE6520020A129 /* MainViewController.swift in Sources */ = {isa = PBXBuildFile; fileRef = A7D2D1DF271AE6520020A129 /* MainViewController.swift */; };
		A7D2D1E2271AE6580020A129 /* MainViewModel.swift in Sources */ = {isa = PBXBuildFile; fileRef = A7D2D1E1271AE6580020A129 /* MainViewModel.swift */; };
		A7D2D1E4271AE6A40020A129 /* SplashViewModel.swift in Sources */ = {isa = PBXBuildFile; fileRef = A7D2D1E3271AE6A40020A129 /* SplashViewModel.swift */; };
		A7D2D1E6271AE6B20020A129 /* SplashViewController.swift in Sources */ = {isa = PBXBuildFile; fileRef = A7D2D1E5271AE6B20020A129 /* SplashViewController.swift */; };
		A7D2D1E8271AE6D10020A129 /* SplashViewBuilder.swift in Sources */ = {isa = PBXBuildFile; fileRef = A7D2D1E7271AE6D10020A129 /* SplashViewBuilder.swift */; };
		A7D2D1F7271AEC440020A129 /* Roboto-Medium.ttf in Resources */ = {isa = PBXBuildFile; fileRef = A7D2D1EA271AEC440020A129 /* Roboto-Medium.ttf */; };
		A7D2D1F8271AEC440020A129 /* Roboto-Light.ttf in Resources */ = {isa = PBXBuildFile; fileRef = A7D2D1EB271AEC440020A129 /* Roboto-Light.ttf */; };
		A7D2D1F9271AEC440020A129 /* Roboto-Regular.ttf in Resources */ = {isa = PBXBuildFile; fileRef = A7D2D1EC271AEC440020A129 /* Roboto-Regular.ttf */; };
		A7D2D1FA271AEC440020A129 /* Roboto-MediumItalic.ttf in Resources */ = {isa = PBXBuildFile; fileRef = A7D2D1ED271AEC440020A129 /* Roboto-MediumItalic.ttf */; };
		A7D2D1FB271AEC440020A129 /* Roboto-ThinItalic.ttf in Resources */ = {isa = PBXBuildFile; fileRef = A7D2D1EE271AEC440020A129 /* Roboto-ThinItalic.ttf */; };
		A7D2D1FC271AEC440020A129 /* Roboto-BoldItalic.ttf in Resources */ = {isa = PBXBuildFile; fileRef = A7D2D1EF271AEC440020A129 /* Roboto-BoldItalic.ttf */; };
		A7D2D1FD271AEC440020A129 /* Roboto-LightItalic.ttf in Resources */ = {isa = PBXBuildFile; fileRef = A7D2D1F0271AEC440020A129 /* Roboto-LightItalic.ttf */; };
		A7D2D1FE271AEC440020A129 /* Roboto-Italic.ttf in Resources */ = {isa = PBXBuildFile; fileRef = A7D2D1F1271AEC440020A129 /* Roboto-Italic.ttf */; };
		A7D2D1FF271AEC440020A129 /* LICENSE.txt in Resources */ = {isa = PBXBuildFile; fileRef = A7D2D1F2271AEC440020A129 /* LICENSE.txt */; };
		A7D2D200271AEC440020A129 /* Roboto-BlackItalic.ttf in Resources */ = {isa = PBXBuildFile; fileRef = A7D2D1F3271AEC440020A129 /* Roboto-BlackItalic.ttf */; };
		A7D2D201271AEC440020A129 /* Roboto-Bold.ttf in Resources */ = {isa = PBXBuildFile; fileRef = A7D2D1F4271AEC440020A129 /* Roboto-Bold.ttf */; };
		A7D2D202271AEC440020A129 /* Roboto-Thin.ttf in Resources */ = {isa = PBXBuildFile; fileRef = A7D2D1F5271AEC440020A129 /* Roboto-Thin.ttf */; };
		A7D2D203271AEC440020A129 /* Roboto-Black.ttf in Resources */ = {isa = PBXBuildFile; fileRef = A7D2D1F6271AEC440020A129 /* Roboto-Black.ttf */; };
		A7D2D206271AED1F0020A129 /* MainFont.swift in Sources */ = {isa = PBXBuildFile; fileRef = A7D2D205271AED1F0020A129 /* MainFont.swift */; };
		A7D2D20A271AF3070020A129 /* MainTabBarBuilder.swift in Sources */ = {isa = PBXBuildFile; fileRef = A7D2D208271AF3060020A129 /* MainTabBarBuilder.swift */; };
		A7D2D20B271AF3070020A129 /* MainTabBarController.swift in Sources */ = {isa = PBXBuildFile; fileRef = A7D2D209271AF3060020A129 /* MainTabBarController.swift */; };
		A7D2D210271AF31D0020A129 /* AccountViewController.swift in Sources */ = {isa = PBXBuildFile; fileRef = A7D2D20D271AF31D0020A129 /* AccountViewController.swift */; };
		A7D2D211271AF31D0020A129 /* AccountViewModel.swift in Sources */ = {isa = PBXBuildFile; fileRef = A7D2D20E271AF31D0020A129 /* AccountViewModel.swift */; };
		A7D2D212271AF31D0020A129 /* AccountViewBuilder.swift in Sources */ = {isa = PBXBuildFile; fileRef = A7D2D20F271AF31D0020A129 /* AccountViewBuilder.swift */; };
		A7D2D216271AF45C0020A129 /* AuthenticationManager.swift in Sources */ = {isa = PBXBuildFile; fileRef = A7D2D215271AF45C0020A129 /* AuthenticationManager.swift */; };
		A7D2D218271AF5910020A129 /* AuthenticationManagerProtocol.swift in Sources */ = {isa = PBXBuildFile; fileRef = A7D2D217271AF5910020A129 /* AuthenticationManagerProtocol.swift */; };
		A7D2D21B271AF6F30020A129 /* LoginViewController.swift in Sources */ = {isa = PBXBuildFile; fileRef = A7D2D21A271AF6F30020A129 /* LoginViewController.swift */; };
		A7D2D21D271AF6F90020A129 /* LoginViewModel.swift in Sources */ = {isa = PBXBuildFile; fileRef = A7D2D21C271AF6F90020A129 /* LoginViewModel.swift */; };
		A7D2D21F271AF6FF0020A129 /* LoginViewBuilder.swift in Sources */ = {isa = PBXBuildFile; fileRef = A7D2D21E271AF6FF0020A129 /* LoginViewBuilder.swift */; };
		A7D2D221271AF8BA0020A129 /* SimpleAuthenticationRequest.swift in Sources */ = {isa = PBXBuildFile; fileRef = A7D2D220271AF8BA0020A129 /* SimpleAuthenticationRequest.swift */; };
/* End PBXBuildFile section */

/* Begin PBXContainerItemProxy section */
		A767B180271AB45E00FE2985 /* PBXContainerItemProxy */ = {
			isa = PBXContainerItemProxy;
			containerPortal = A767B15E271AB45D00FE2985 /* Project object */;
			proxyType = 1;
			remoteGlobalIDString = A767B165271AB45D00FE2985;
			remoteInfo = WeatherApplication;
		};
		A767B18A271AB45E00FE2985 /* PBXContainerItemProxy */ = {
			isa = PBXContainerItemProxy;
			containerPortal = A767B15E271AB45D00FE2985 /* Project object */;
			proxyType = 1;
			remoteGlobalIDString = A767B165271AB45D00FE2985;
			remoteInfo = WeatherApplication;
		};
/* End PBXContainerItemProxy section */

/* Begin PBXFileReference section */
		A74A7D32271C050500947CC2 /* SFSymbolsHelper.swift */ = {isa = PBXFileReference; lastKnownFileType = sourcecode.swift; path = SFSymbolsHelper.swift; sourceTree = "<group>"; };
		A74A7D3B271C087800947CC2 /* LabelDistributionData.swift */ = {isa = PBXFileReference; fileEncoding = 4; lastKnownFileType = sourcecode.swift; path = LabelDistributionData.swift; sourceTree = "<group>"; };
		A74A7D3C271C087800947CC2 /* LabelPackComponentData.swift */ = {isa = PBXFileReference; fileEncoding = 4; lastKnownFileType = sourcecode.swift; path = LabelPackComponentData.swift; sourceTree = "<group>"; };
		A74A7D3D271C087800947CC2 /* LabelPackComponent.swift */ = {isa = PBXFileReference; fileEncoding = 4; lastKnownFileType = sourcecode.swift; path = LabelPackComponent.swift; sourceTree = "<group>"; };
		A74A7D3F271C087800947CC2 /* ItemTableViewCellData.swift */ = {isa = PBXFileReference; fileEncoding = 4; lastKnownFileType = sourcecode.swift; path = ItemTableViewCellData.swift; sourceTree = "<group>"; };
		A74A7D40271C087800947CC2 /* ItemTableViewCell.swift */ = {isa = PBXFileReference; fileEncoding = 4; lastKnownFileType = sourcecode.swift; path = ItemTableViewCell.swift; sourceTree = "<group>"; };
		A74A7D42271C087800947CC2 /* ItemListProtocol.swift */ = {isa = PBXFileReference; fileEncoding = 4; lastKnownFileType = sourcecode.swift; path = ItemListProtocol.swift; sourceTree = "<group>"; };
		A74A7D43271C087800947CC2 /* ItemListView.swift */ = {isa = PBXFileReference; fileEncoding = 4; lastKnownFileType = sourcecode.swift; path = ItemListView.swift; sourceTree = "<group>"; };
		A74A7D45271C087800947CC2 /* SampleTest.swift */ = {isa = PBXFileReference; fileEncoding = 4; lastKnownFileType = sourcecode.swift; path = SampleTest.swift; sourceTree = "<group>"; };
		A74A7D47271C087800947CC2 /* PageViewComponent.swift */ = {isa = PBXFileReference; fileEncoding = 4; lastKnownFileType = sourcecode.swift; path = PageViewComponent.swift; sourceTree = "<group>"; };
		A74A7D48271C087800947CC2 /* PageViewComponentData.swift */ = {isa = PBXFileReference; fileEncoding = 4; lastKnownFileType = sourcecode.swift; path = PageViewComponentData.swift; sourceTree = "<group>"; };
		A74A7D58271C08A700947CC2 /* ActionButtonType.swift */ = {isa = PBXFileReference; fileEncoding = 4; lastKnownFileType = sourcecode.swift; path = ActionButtonType.swift; sourceTree = "<group>"; };
		A74A7D59271C08A700947CC2 /* ActionButtonData.swift */ = {isa = PBXFileReference; fileEncoding = 4; lastKnownFileType = sourcecode.swift; path = ActionButtonData.swift; sourceTree = "<group>"; };
		A74A7D5A271C08A700947CC2 /* ActionButton.swift */ = {isa = PBXFileReference; fileEncoding = 4; lastKnownFileType = sourcecode.swift; path = ActionButton.swift; sourceTree = "<group>"; };
		A74A7D5B271C08A700947CC2 /* ActionButtonTheme.swift */ = {isa = PBXFileReference; fileEncoding = 4; lastKnownFileType = sourcecode.swift; path = ActionButtonTheme.swift; sourceTree = "<group>"; };
		A74A7D60271C0BC000947CC2 /* String+Extension.swift */ = {isa = PBXFileReference; fileEncoding = 4; lastKnownFileType = sourcecode.swift; path = "String+Extension.swift"; sourceTree = "<group>"; };
		A74A7D61271C0BC000947CC2 /* UIView+Extensions.swift */ = {isa = PBXFileReference; fileEncoding = 4; lastKnownFileType = sourcecode.swift; path = "UIView+Extensions.swift"; sourceTree = "<group>"; };
		A74A7D64271C140B00947CC2 /* CommonUtilImages.swift */ = {isa = PBXFileReference; lastKnownFileType = sourcecode.swift; path = CommonUtilImages.swift; sourceTree = "<group>"; };
		A74A7D68271C1F6600947CC2 /* GenericRowType.swift */ = {isa = PBXFileReference; lastKnownFileType = sourcecode.swift; path = GenericRowType.swift; sourceTree = "<group>"; };
		A74A7D6A271C207800947CC2 /* AccountViewDataFormatter.swift */ = {isa = PBXFileReference; lastKnownFileType = sourcecode.swift; path = AccountViewDataFormatter.swift; sourceTree = "<group>"; };
		A74A7D6C271C209A00947CC2 /* AccountViewDataProtocol.swift */ = {isa = PBXFileReference; lastKnownFileType = sourcecode.swift; path = AccountViewDataProtocol.swift; sourceTree = "<group>"; };
		A74A7D70271C254100947CC2 /* ViewState.swift */ = {isa = PBXFileReference; lastKnownFileType = sourcecode.swift; path = ViewState.swift; sourceTree = "<group>"; };
		A74A7D73271C2ED700947CC2 /* SampleView.swift */ = {isa = PBXFileReference; lastKnownFileType = sourcecode.swift; path = SampleView.swift; sourceTree = "<group>"; };
		A74A7D76271C379600947CC2 /* HeaderView.swift */ = {isa = PBXFileReference; lastKnownFileType = sourcecode.swift; path = HeaderView.swift; sourceTree = "<group>"; };
		A74A7D78271C379C00947CC2 /* HeaderViewData.swift */ = {isa = PBXFileReference; lastKnownFileType = sourcecode.swift; path = HeaderViewData.swift; sourceTree = "<group>"; };
		A74A7D7A271C3EF300947CC2 /* ItemListViewData.swift */ = {isa = PBXFileReference; lastKnownFileType = sourcecode.swift; path = ItemListViewData.swift; sourceTree = "<group>"; };
		A767B166271AB45D00FE2985 /* WeatherApplication.app */ = {isa = PBXFileReference; explicitFileType = wrapper.application; includeInIndex = 0; path = WeatherApplication.app; sourceTree = BUILT_PRODUCTS_DIR; };
		A767B169271AB45D00FE2985 /* AppDelegate.swift */ = {isa = PBXFileReference; lastKnownFileType = sourcecode.swift; path = AppDelegate.swift; sourceTree = "<group>"; };
		A767B173271AB45D00FE2985 /* WeatherApplication.xcdatamodel */ = {isa = PBXFileReference; lastKnownFileType = wrapper.xcdatamodel; path = WeatherApplication.xcdatamodel; sourceTree = "<group>"; };
		A767B175271AB45E00FE2985 /* Assets.xcassets */ = {isa = PBXFileReference; lastKnownFileType = folder.assetcatalog; path = Assets.xcassets; sourceTree = "<group>"; };
		A767B178271AB45E00FE2985 /* Base */ = {isa = PBXFileReference; lastKnownFileType = file.storyboard; name = Base; path = Base.lproj/LaunchScreen.storyboard; sourceTree = "<group>"; };
		A767B17A271AB45E00FE2985 /* Info.plist */ = {isa = PBXFileReference; lastKnownFileType = text.plist.xml; path = Info.plist; sourceTree = "<group>"; };
		A767B17F271AB45E00FE2985 /* WeatherApplicationTests.xctest */ = {isa = PBXFileReference; explicitFileType = wrapper.cfbundle; includeInIndex = 0; path = WeatherApplicationTests.xctest; sourceTree = BUILT_PRODUCTS_DIR; };
		A767B183271AB45E00FE2985 /* WeatherApplicationTests.swift */ = {isa = PBXFileReference; lastKnownFileType = sourcecode.swift; path = WeatherApplicationTests.swift; sourceTree = "<group>"; };
		A767B189271AB45E00FE2985 /* WeatherApplicationUITests.xctest */ = {isa = PBXFileReference; explicitFileType = wrapper.cfbundle; includeInIndex = 0; path = WeatherApplicationUITests.xctest; sourceTree = BUILT_PRODUCTS_DIR; };
		A767B18D271AB45E00FE2985 /* WeatherApplicationUITests.swift */ = {isa = PBXFileReference; lastKnownFileType = sourcecode.swift; path = WeatherApplicationUITests.swift; sourceTree = "<group>"; };
		A767B18F271AB45E00FE2985 /* WeatherApplicationUITestsLaunchTests.swift */ = {isa = PBXFileReference; lastKnownFileType = sourcecode.swift; path = WeatherApplicationUITestsLaunchTests.swift; sourceTree = "<group>"; };
		A7D2D1B1271ACB2F0020A129 /* EndpointHelper.swift */ = {isa = PBXFileReference; lastKnownFileType = sourcecode.swift; path = EndpointHelper.swift; sourceTree = "<group>"; };
		A7D2D1B6271AD0360020A129 /* GenericValueProtocol.swift */ = {isa = PBXFileReference; fileEncoding = 4; lastKnownFileType = sourcecode.swift; path = GenericValueProtocol.swift; sourceTree = "<group>"; };
		A7D2D1B7271AD0360020A129 /* BaseViewController.swift */ = {isa = PBXFileReference; fileEncoding = 4; lastKnownFileType = sourcecode.swift; path = BaseViewController.swift; sourceTree = "<group>"; };
		A7D2D1B8271AD0360020A129 /* BaseTableViewCell.swift */ = {isa = PBXFileReference; fileEncoding = 4; lastKnownFileType = sourcecode.swift; path = BaseTableViewCell.swift; sourceTree = "<group>"; };
		A7D2D1B9271AD0360020A129 /* GenericDataProtocol.swift */ = {isa = PBXFileReference; fileEncoding = 4; lastKnownFileType = sourcecode.swift; path = GenericDataProtocol.swift; sourceTree = "<group>"; };
		A7D2D1BA271AD0360020A129 /* GenericBaseView.swift */ = {isa = PBXFileReference; fileEncoding = 4; lastKnownFileType = sourcecode.swift; path = GenericBaseView.swift; sourceTree = "<group>"; };
		A7D2D1BB271AD0360020A129 /* BaseView.swift */ = {isa = PBXFileReference; fileEncoding = 4; lastKnownFileType = sourcecode.swift; path = BaseView.swift; sourceTree = "<group>"; };
		A7D2D1BE271AD0360020A129 /* UIApplication+Extension.swift */ = {isa = PBXFileReference; fileEncoding = 4; lastKnownFileType = sourcecode.swift; path = "UIApplication+Extension.swift"; sourceTree = "<group>"; };
		A7D2D1C0271AD0360020A129 /* TabBarImages.swift */ = {isa = PBXFileReference; fileEncoding = 4; lastKnownFileType = sourcecode.swift; path = TabBarImages.swift; sourceTree = "<group>"; };
		A7D2D1C1271AD0360020A129 /* PageViewImages.swift */ = {isa = PBXFileReference; fileEncoding = 4; lastKnownFileType = sourcecode.swift; path = PageViewImages.swift; sourceTree = "<group>"; };
		A7D2D1C5271AD0360020A129 /* TutorialViewInfoStore.swift */ = {isa = PBXFileReference; fileEncoding = 4; lastKnownFileType = sourcecode.swift; path = TutorialViewInfoStore.swift; sourceTree = "<group>"; };
		A7D2D1C6271AD0360020A129 /* UserDefaultsWrapperHelper.swift */ = {isa = PBXFileReference; fileEncoding = 4; lastKnownFileType = sourcecode.swift; path = UserDefaultsWrapperHelper.swift; sourceTree = "<group>"; };
		A7D2D1D3271AD68D0020A129 /* GoogleService-Info.plist */ = {isa = PBXFileReference; fileEncoding = 4; lastKnownFileType = text.plist.xml; path = "GoogleService-Info.plist"; sourceTree = "<group>"; };
		A7D2D1DD271AE64B0020A129 /* MainViewBuilder.swift */ = {isa = PBXFileReference; lastKnownFileType = sourcecode.swift; path = MainViewBuilder.swift; sourceTree = "<group>"; };
		A7D2D1DF271AE6520020A129 /* MainViewController.swift */ = {isa = PBXFileReference; lastKnownFileType = sourcecode.swift; path = MainViewController.swift; sourceTree = "<group>"; };
		A7D2D1E1271AE6580020A129 /* MainViewModel.swift */ = {isa = PBXFileReference; lastKnownFileType = sourcecode.swift; path = MainViewModel.swift; sourceTree = "<group>"; };
		A7D2D1E3271AE6A40020A129 /* SplashViewModel.swift */ = {isa = PBXFileReference; lastKnownFileType = sourcecode.swift; path = SplashViewModel.swift; sourceTree = "<group>"; };
		A7D2D1E5271AE6B20020A129 /* SplashViewController.swift */ = {isa = PBXFileReference; lastKnownFileType = sourcecode.swift; path = SplashViewController.swift; sourceTree = "<group>"; };
		A7D2D1E7271AE6D10020A129 /* SplashViewBuilder.swift */ = {isa = PBXFileReference; lastKnownFileType = sourcecode.swift; path = SplashViewBuilder.swift; sourceTree = "<group>"; };
		A7D2D1EA271AEC440020A129 /* Roboto-Medium.ttf */ = {isa = PBXFileReference; lastKnownFileType = file; path = "Roboto-Medium.ttf"; sourceTree = "<group>"; };
		A7D2D1EB271AEC440020A129 /* Roboto-Light.ttf */ = {isa = PBXFileReference; lastKnownFileType = file; path = "Roboto-Light.ttf"; sourceTree = "<group>"; };
		A7D2D1EC271AEC440020A129 /* Roboto-Regular.ttf */ = {isa = PBXFileReference; lastKnownFileType = file; path = "Roboto-Regular.ttf"; sourceTree = "<group>"; };
		A7D2D1ED271AEC440020A129 /* Roboto-MediumItalic.ttf */ = {isa = PBXFileReference; lastKnownFileType = file; path = "Roboto-MediumItalic.ttf"; sourceTree = "<group>"; };
		A7D2D1EE271AEC440020A129 /* Roboto-ThinItalic.ttf */ = {isa = PBXFileReference; lastKnownFileType = file; path = "Roboto-ThinItalic.ttf"; sourceTree = "<group>"; };
		A7D2D1EF271AEC440020A129 /* Roboto-BoldItalic.ttf */ = {isa = PBXFileReference; lastKnownFileType = file; path = "Roboto-BoldItalic.ttf"; sourceTree = "<group>"; };
		A7D2D1F0271AEC440020A129 /* Roboto-LightItalic.ttf */ = {isa = PBXFileReference; lastKnownFileType = file; path = "Roboto-LightItalic.ttf"; sourceTree = "<group>"; };
		A7D2D1F1271AEC440020A129 /* Roboto-Italic.ttf */ = {isa = PBXFileReference; lastKnownFileType = file; path = "Roboto-Italic.ttf"; sourceTree = "<group>"; };
		A7D2D1F2271AEC440020A129 /* LICENSE.txt */ = {isa = PBXFileReference; fileEncoding = 4; lastKnownFileType = text; path = LICENSE.txt; sourceTree = "<group>"; };
		A7D2D1F3271AEC440020A129 /* Roboto-BlackItalic.ttf */ = {isa = PBXFileReference; lastKnownFileType = file; path = "Roboto-BlackItalic.ttf"; sourceTree = "<group>"; };
		A7D2D1F4271AEC440020A129 /* Roboto-Bold.ttf */ = {isa = PBXFileReference; lastKnownFileType = file; path = "Roboto-Bold.ttf"; sourceTree = "<group>"; };
		A7D2D1F5271AEC440020A129 /* Roboto-Thin.ttf */ = {isa = PBXFileReference; lastKnownFileType = file; path = "Roboto-Thin.ttf"; sourceTree = "<group>"; };
		A7D2D1F6271AEC440020A129 /* Roboto-Black.ttf */ = {isa = PBXFileReference; lastKnownFileType = file; path = "Roboto-Black.ttf"; sourceTree = "<group>"; };
		A7D2D205271AED1F0020A129 /* MainFont.swift */ = {isa = PBXFileReference; lastKnownFileType = sourcecode.swift; path = MainFont.swift; sourceTree = "<group>"; };
		A7D2D208271AF3060020A129 /* MainTabBarBuilder.swift */ = {isa = PBXFileReference; fileEncoding = 4; lastKnownFileType = sourcecode.swift; path = MainTabBarBuilder.swift; sourceTree = "<group>"; };
		A7D2D209271AF3060020A129 /* MainTabBarController.swift */ = {isa = PBXFileReference; fileEncoding = 4; lastKnownFileType = sourcecode.swift; path = MainTabBarController.swift; sourceTree = "<group>"; };
		A7D2D20D271AF31D0020A129 /* AccountViewController.swift */ = {isa = PBXFileReference; fileEncoding = 4; lastKnownFileType = sourcecode.swift; path = AccountViewController.swift; sourceTree = "<group>"; };
		A7D2D20E271AF31D0020A129 /* AccountViewModel.swift */ = {isa = PBXFileReference; fileEncoding = 4; lastKnownFileType = sourcecode.swift; path = AccountViewModel.swift; sourceTree = "<group>"; };
		A7D2D20F271AF31D0020A129 /* AccountViewBuilder.swift */ = {isa = PBXFileReference; fileEncoding = 4; lastKnownFileType = sourcecode.swift; path = AccountViewBuilder.swift; sourceTree = "<group>"; };
		A7D2D215271AF45C0020A129 /* AuthenticationManager.swift */ = {isa = PBXFileReference; lastKnownFileType = sourcecode.swift; path = AuthenticationManager.swift; sourceTree = "<group>"; };
		A7D2D217271AF5910020A129 /* AuthenticationManagerProtocol.swift */ = {isa = PBXFileReference; lastKnownFileType = sourcecode.swift; path = AuthenticationManagerProtocol.swift; sourceTree = "<group>"; };
		A7D2D21A271AF6F30020A129 /* LoginViewController.swift */ = {isa = PBXFileReference; lastKnownFileType = sourcecode.swift; path = LoginViewController.swift; sourceTree = "<group>"; };
		A7D2D21C271AF6F90020A129 /* LoginViewModel.swift */ = {isa = PBXFileReference; lastKnownFileType = sourcecode.swift; path = LoginViewModel.swift; sourceTree = "<group>"; };
		A7D2D21E271AF6FF0020A129 /* LoginViewBuilder.swift */ = {isa = PBXFileReference; lastKnownFileType = sourcecode.swift; path = LoginViewBuilder.swift; sourceTree = "<group>"; };
		A7D2D220271AF8BA0020A129 /* SimpleAuthenticationRequest.swift */ = {isa = PBXFileReference; lastKnownFileType = sourcecode.swift; path = SimpleAuthenticationRequest.swift; sourceTree = "<group>"; };
/* End PBXFileReference section */

/* Begin PBXFrameworksBuildPhase section */
		A767B163271AB45D00FE2985 /* Frameworks */ = {
			isa = PBXFrameworksBuildPhase;
			buildActionMask = 2147483647;
			files = (
				A700D8EF271AFDB60055178A /* FirebaseAnalytics in Frameworks */,
				A700D8F1271AFDB60055178A /* FirebaseAuth in Frameworks */,
				A767B19E271AB68B00FE2985 /* DefaultNetworkOperationPackage in Frameworks */,
			);
			runOnlyForDeploymentPostprocessing = 0;
		};
		A767B17C271AB45E00FE2985 /* Frameworks */ = {
			isa = PBXFrameworksBuildPhase;
			buildActionMask = 2147483647;
			files = (
			);
			runOnlyForDeploymentPostprocessing = 0;
		};
		A767B186271AB45E00FE2985 /* Frameworks */ = {
			isa = PBXFrameworksBuildPhase;
			buildActionMask = 2147483647;
			files = (
			);
			runOnlyForDeploymentPostprocessing = 0;
		};
/* End PBXFrameworksBuildPhase section */

/* Begin PBXGroup section */
		A74A7D34271C087800947CC2 /* Components */ = {
			isa = PBXGroup;
			children = (
				A74A7D75271C376900947CC2 /* HeaderViewComponent */,
				A74A7D72271C2ECF00947CC2 /* Sample */,
				A74A7D57271C08A700947CC2 /* ActionButtonComponent */,
				A74A7D3A271C087800947CC2 /* LabelPackComponent */,
				A74A7D3E271C087800947CC2 /* ItemComponents */,
				A74A7D41271C087800947CC2 /* ItemListViewComponents */,
				A74A7D44271C087800947CC2 /* SampleTest */,
				A74A7D46271C087800947CC2 /* PageViewComponent */,
			);
			path = Components;
			sourceTree = "<group>";
		};
		A74A7D3A271C087800947CC2 /* LabelPackComponent */ = {
			isa = PBXGroup;
			children = (
				A74A7D3B271C087800947CC2 /* LabelDistributionData.swift */,
				A74A7D3C271C087800947CC2 /* LabelPackComponentData.swift */,
				A74A7D3D271C087800947CC2 /* LabelPackComponent.swift */,
			);
			path = LabelPackComponent;
			sourceTree = "<group>";
		};
		A74A7D3E271C087800947CC2 /* ItemComponents */ = {
			isa = PBXGroup;
			children = (
				A74A7D3F271C087800947CC2 /* ItemTableViewCellData.swift */,
				A74A7D40271C087800947CC2 /* ItemTableViewCell.swift */,
			);
			path = ItemComponents;
			sourceTree = "<group>";
		};
		A74A7D41271C087800947CC2 /* ItemListViewComponents */ = {
			isa = PBXGroup;
			children = (
				A74A7D42271C087800947CC2 /* ItemListProtocol.swift */,
				A74A7D43271C087800947CC2 /* ItemListView.swift */,
				A74A7D7A271C3EF300947CC2 /* ItemListViewData.swift */,
			);
			path = ItemListViewComponents;
			sourceTree = "<group>";
		};
		A74A7D44271C087800947CC2 /* SampleTest */ = {
			isa = PBXGroup;
			children = (
				A74A7D45271C087800947CC2 /* SampleTest.swift */,
			);
			path = SampleTest;
			sourceTree = "<group>";
		};
		A74A7D46271C087800947CC2 /* PageViewComponent */ = {
			isa = PBXGroup;
			children = (
				A74A7D47271C087800947CC2 /* PageViewComponent.swift */,
				A74A7D48271C087800947CC2 /* PageViewComponentData.swift */,
			);
			path = PageViewComponent;
			sourceTree = "<group>";
		};
		A74A7D57271C08A700947CC2 /* ActionButtonComponent */ = {
			isa = PBXGroup;
			children = (
				A74A7D58271C08A700947CC2 /* ActionButtonType.swift */,
				A74A7D59271C08A700947CC2 /* ActionButtonData.swift */,
				A74A7D5A271C08A700947CC2 /* ActionButton.swift */,
				A74A7D5B271C08A700947CC2 /* ActionButtonTheme.swift */,
			);
			path = ActionButtonComponent;
			sourceTree = "<group>";
		};
		A74A7D6E271C252E00947CC2 /* Models */ = {
			isa = PBXGroup;
			children = (
				A74A7D6F271C253100947CC2 /* StateManagements */,
			);
			path = Models;
			sourceTree = "<group>";
		};
		A74A7D6F271C253100947CC2 /* StateManagements */ = {
			isa = PBXGroup;
			children = (
				A74A7D70271C254100947CC2 /* ViewState.swift */,
			);
			path = StateManagements;
			sourceTree = "<group>";
		};
		A74A7D72271C2ECF00947CC2 /* Sample */ = {
			isa = PBXGroup;
			children = (
				A74A7D73271C2ED700947CC2 /* SampleView.swift */,
			);
			path = Sample;
			sourceTree = "<group>";
		};
		A74A7D75271C376900947CC2 /* HeaderViewComponent */ = {
			isa = PBXGroup;
			children = (
				A74A7D76271C379600947CC2 /* HeaderView.swift */,
				A74A7D78271C379C00947CC2 /* HeaderViewData.swift */,
			);
			path = HeaderViewComponent;
			sourceTree = "<group>";
		};
		A767B15D271AB45D00FE2985 = {
			isa = PBXGroup;
			children = (
				A767B168271AB45D00FE2985 /* WeatherApplication */,
				A767B182271AB45E00FE2985 /* WeatherApplicationTests */,
				A767B18C271AB45E00FE2985 /* WeatherApplicationUITests */,
				A767B167271AB45D00FE2985 /* Products */,
			);
			sourceTree = "<group>";
		};
		A767B167271AB45D00FE2985 /* Products */ = {
			isa = PBXGroup;
			children = (
				A767B166271AB45D00FE2985 /* WeatherApplication.app */,
				A767B17F271AB45E00FE2985 /* WeatherApplicationTests.xctest */,
				A767B189271AB45E00FE2985 /* WeatherApplicationUITests.xctest */,
			);
			name = Products;
			sourceTree = "<group>";
		};
		A767B168271AB45D00FE2985 /* WeatherApplication */ = {
			isa = PBXGroup;
			children = (
				A74A7D6E271C252E00947CC2 /* Models */,
				A74A7D34271C087800947CC2 /* Components */,
				A7D2D213271AF44A0020A129 /* Managers */,
				A7D2D1DA271AE6320020A129 /* SceneModules */,
				A7D2D1B5271AD0360020A129 /* BaseComponents */,
				A7D2D1BC271AD0360020A129 /* Utilities */,
				A7D2D1B0271ACB1B0020A129 /* NetworkModules */,
				A767B169271AB45D00FE2985 /* AppDelegate.swift */,
				A767B175271AB45E00FE2985 /* Assets.xcassets */,
				A7D2D1D3271AD68D0020A129 /* GoogleService-Info.plist */,
				A767B177271AB45E00FE2985 /* LaunchScreen.storyboard */,
				A767B17A271AB45E00FE2985 /* Info.plist */,
				A767B172271AB45D00FE2985 /* WeatherApplication.xcdatamodeld */,
			);
			path = WeatherApplication;
			sourceTree = "<group>";
		};
		A767B182271AB45E00FE2985 /* WeatherApplicationTests */ = {
			isa = PBXGroup;
			children = (
				A767B183271AB45E00FE2985 /* WeatherApplicationTests.swift */,
			);
			path = WeatherApplicationTests;
			sourceTree = "<group>";
		};
		A767B18C271AB45E00FE2985 /* WeatherApplicationUITests */ = {
			isa = PBXGroup;
			children = (
				A767B18D271AB45E00FE2985 /* WeatherApplicationUITests.swift */,
				A767B18F271AB45E00FE2985 /* WeatherApplicationUITestsLaunchTests.swift */,
			);
			path = WeatherApplicationUITests;
			sourceTree = "<group>";
		};
		A7D2D1B0271ACB1B0020A129 /* NetworkModules */ = {
			isa = PBXGroup;
			children = (
				A7D2D1B1271ACB2F0020A129 /* EndpointHelper.swift */,
			);
			path = NetworkModules;
			sourceTree = "<group>";
		};
		A7D2D1B5271AD0360020A129 /* BaseComponents */ = {
			isa = PBXGroup;
			children = (
				A7D2D1B6271AD0360020A129 /* GenericValueProtocol.swift */,
				A7D2D1B7271AD0360020A129 /* BaseViewController.swift */,
				A7D2D1B8271AD0360020A129 /* BaseTableViewCell.swift */,
				A7D2D1B9271AD0360020A129 /* GenericDataProtocol.swift */,
				A7D2D1BA271AD0360020A129 /* GenericBaseView.swift */,
				A7D2D1BB271AD0360020A129 /* BaseView.swift */,
				A74A7D68271C1F6600947CC2 /* GenericRowType.swift */,
			);
			path = BaseComponents;
			sourceTree = "<group>";
		};
		A7D2D1BC271AD0360020A129 /* Utilities */ = {
			isa = PBXGroup;
			children = (
				A7D2D1BD271AD0360020A129 /* Extensions */,
				A7D2D1BF271AD0360020A129 /* AssetHelpers */,
				A7D2D1C2271AD0360020A129 /* FontManagers */,
				A7D2D1C4271AD0360020A129 /* UserDefaultsHelpers */,
			);
			path = Utilities;
			sourceTree = "<group>";
		};
		A7D2D1BD271AD0360020A129 /* Extensions */ = {
			isa = PBXGroup;
			children = (
				A74A7D60271C0BC000947CC2 /* String+Extension.swift */,
				A74A7D61271C0BC000947CC2 /* UIView+Extensions.swift */,
				A7D2D1BE271AD0360020A129 /* UIApplication+Extension.swift */,
			);
			path = Extensions;
			sourceTree = "<group>";
		};
		A7D2D1BF271AD0360020A129 /* AssetHelpers */ = {
			isa = PBXGroup;
			children = (
				A7D2D1C0271AD0360020A129 /* TabBarImages.swift */,
				A7D2D1C1271AD0360020A129 /* PageViewImages.swift */,
				A74A7D32271C050500947CC2 /* SFSymbolsHelper.swift */,
				A74A7D64271C140B00947CC2 /* CommonUtilImages.swift */,
			);
			path = AssetHelpers;
			sourceTree = "<group>";
		};
		A7D2D1C2271AD0360020A129 /* FontManagers */ = {
			isa = PBXGroup;
			children = (
				A7D2D204271AED160020A129 /* Helpers */,
				A7D2D1E9271AEC440020A129 /* Roboto */,
			);
			path = FontManagers;
			sourceTree = "<group>";
		};
		A7D2D1C4271AD0360020A129 /* UserDefaultsHelpers */ = {
			isa = PBXGroup;
			children = (
				A7D2D1C5271AD0360020A129 /* TutorialViewInfoStore.swift */,
				A7D2D1C6271AD0360020A129 /* UserDefaultsWrapperHelper.swift */,
			);
			path = UserDefaultsHelpers;
			sourceTree = "<group>";
		};
		A7D2D1DA271AE6320020A129 /* SceneModules */ = {
			isa = PBXGroup;
			children = (
				A7D2D219271AF6E60020A129 /* Login */,
				A7D2D20C271AF31D0020A129 /* Account */,
				A7D2D207271AF3060020A129 /* MainTabBar */,
				A7D2D1DC271AE6410020A129 /* Main */,
				A7D2D1DB271AE63B0020A129 /* Splash */,
			);
			path = SceneModules;
			sourceTree = "<group>";
		};
		A7D2D1DB271AE63B0020A129 /* Splash */ = {
			isa = PBXGroup;
			children = (
				A7D2D1E3271AE6A40020A129 /* SplashViewModel.swift */,
				A7D2D1E5271AE6B20020A129 /* SplashViewController.swift */,
				A7D2D1E7271AE6D10020A129 /* SplashViewBuilder.swift */,
			);
			path = Splash;
			sourceTree = "<group>";
		};
		A7D2D1DC271AE6410020A129 /* Main */ = {
			isa = PBXGroup;
			children = (
				A7D2D1DD271AE64B0020A129 /* MainViewBuilder.swift */,
				A7D2D1DF271AE6520020A129 /* MainViewController.swift */,
				A7D2D1E1271AE6580020A129 /* MainViewModel.swift */,
			);
			path = Main;
			sourceTree = "<group>";
		};
		A7D2D1E9271AEC440020A129 /* Roboto */ = {
			isa = PBXGroup;
			children = (
				A7D2D1EA271AEC440020A129 /* Roboto-Medium.ttf */,
				A7D2D1EB271AEC440020A129 /* Roboto-Light.ttf */,
				A7D2D1EC271AEC440020A129 /* Roboto-Regular.ttf */,
				A7D2D1ED271AEC440020A129 /* Roboto-MediumItalic.ttf */,
				A7D2D1EE271AEC440020A129 /* Roboto-ThinItalic.ttf */,
				A7D2D1EF271AEC440020A129 /* Roboto-BoldItalic.ttf */,
				A7D2D1F0271AEC440020A129 /* Roboto-LightItalic.ttf */,
				A7D2D1F1271AEC440020A129 /* Roboto-Italic.ttf */,
				A7D2D1F2271AEC440020A129 /* LICENSE.txt */,
				A7D2D1F3271AEC440020A129 /* Roboto-BlackItalic.ttf */,
				A7D2D1F4271AEC440020A129 /* Roboto-Bold.ttf */,
				A7D2D1F5271AEC440020A129 /* Roboto-Thin.ttf */,
				A7D2D1F6271AEC440020A129 /* Roboto-Black.ttf */,
			);
			path = Roboto;
			sourceTree = "<group>";
		};
		A7D2D204271AED160020A129 /* Helpers */ = {
			isa = PBXGroup;
			children = (
				A7D2D205271AED1F0020A129 /* MainFont.swift */,
			);
			path = Helpers;
			sourceTree = "<group>";
		};
		A7D2D207271AF3060020A129 /* MainTabBar */ = {
			isa = PBXGroup;
			children = (
				A7D2D208271AF3060020A129 /* MainTabBarBuilder.swift */,
				A7D2D209271AF3060020A129 /* MainTabBarController.swift */,
			);
			path = MainTabBar;
			sourceTree = "<group>";
		};
		A7D2D20C271AF31D0020A129 /* Account */ = {
			isa = PBXGroup;
			children = (
				A7D2D20D271AF31D0020A129 /* AccountViewController.swift */,
				A7D2D20E271AF31D0020A129 /* AccountViewModel.swift */,
				A7D2D20F271AF31D0020A129 /* AccountViewBuilder.swift */,
				A74A7D6A271C207800947CC2 /* AccountViewDataFormatter.swift */,
				A74A7D6C271C209A00947CC2 /* AccountViewDataProtocol.swift */,
			);
			path = Account;
			sourceTree = "<group>";
		};
		A7D2D213271AF44A0020A129 /* Managers */ = {
			isa = PBXGroup;
			children = (
				A7D2D214271AF4540020A129 /* AuthenticationManager */,
			);
			path = Managers;
			sourceTree = "<group>";
		};
		A7D2D214271AF4540020A129 /* AuthenticationManager */ = {
			isa = PBXGroup;
			children = (
				A7D2D215271AF45C0020A129 /* AuthenticationManager.swift */,
				A7D2D217271AF5910020A129 /* AuthenticationManagerProtocol.swift */,
				A7D2D220271AF8BA0020A129 /* SimpleAuthenticationRequest.swift */,
			);
			path = AuthenticationManager;
			sourceTree = "<group>";
		};
		A7D2D219271AF6E60020A129 /* Login */ = {
			isa = PBXGroup;
			children = (
				A7D2D21A271AF6F30020A129 /* LoginViewController.swift */,
				A7D2D21C271AF6F90020A129 /* LoginViewModel.swift */,
				A7D2D21E271AF6FF0020A129 /* LoginViewBuilder.swift */,
			);
			path = Login;
			sourceTree = "<group>";
		};
/* End PBXGroup section */

/* Begin PBXNativeTarget section */
		A767B165271AB45D00FE2985 /* WeatherApplication */ = {
			isa = PBXNativeTarget;
			buildConfigurationList = A767B193271AB45E00FE2985 /* Build configuration list for PBXNativeTarget "WeatherApplication" */;
			buildPhases = (
				A767B162271AB45D00FE2985 /* Sources */,
				A767B163271AB45D00FE2985 /* Frameworks */,
				A767B164271AB45D00FE2985 /* Resources */,
			);
			buildRules = (
			);
			dependencies = (
			);
			name = WeatherApplication;
			packageProductDependencies = (
				A767B19D271AB68B00FE2985 /* DefaultNetworkOperationPackage */,
				A700D8EE271AFDB60055178A /* FirebaseAnalytics */,
				A700D8F0271AFDB60055178A /* FirebaseAuth */,
			);
			productName = WeatherApplication;
			productReference = A767B166271AB45D00FE2985 /* WeatherApplication.app */;
			productType = "com.apple.product-type.application";
		};
		A767B17E271AB45E00FE2985 /* WeatherApplicationTests */ = {
			isa = PBXNativeTarget;
			buildConfigurationList = A767B196271AB45E00FE2985 /* Build configuration list for PBXNativeTarget "WeatherApplicationTests" */;
			buildPhases = (
				A767B17B271AB45E00FE2985 /* Sources */,
				A767B17C271AB45E00FE2985 /* Frameworks */,
				A767B17D271AB45E00FE2985 /* Resources */,
			);
			buildRules = (
			);
			dependencies = (
				A767B181271AB45E00FE2985 /* PBXTargetDependency */,
			);
			name = WeatherApplicationTests;
			productName = WeatherApplicationTests;
			productReference = A767B17F271AB45E00FE2985 /* WeatherApplicationTests.xctest */;
			productType = "com.apple.product-type.bundle.unit-test";
		};
		A767B188271AB45E00FE2985 /* WeatherApplicationUITests */ = {
			isa = PBXNativeTarget;
			buildConfigurationList = A767B199271AB45E00FE2985 /* Build configuration list for PBXNativeTarget "WeatherApplicationUITests" */;
			buildPhases = (
				A767B185271AB45E00FE2985 /* Sources */,
				A767B186271AB45E00FE2985 /* Frameworks */,
				A767B187271AB45E00FE2985 /* Resources */,
			);
			buildRules = (
			);
			dependencies = (
				A767B18B271AB45E00FE2985 /* PBXTargetDependency */,
			);
			name = WeatherApplicationUITests;
			productName = WeatherApplicationUITests;
			productReference = A767B189271AB45E00FE2985 /* WeatherApplicationUITests.xctest */;
			productType = "com.apple.product-type.bundle.ui-testing";
		};
/* End PBXNativeTarget section */

/* Begin PBXProject section */
		A767B15E271AB45D00FE2985 /* Project object */ = {
			isa = PBXProject;
			attributes = {
				BuildIndependentTargetsInParallel = 1;
				LastSwiftUpdateCheck = 1300;
				LastUpgradeCheck = 1300;
				TargetAttributes = {
					A767B165271AB45D00FE2985 = {
						CreatedOnToolsVersion = 13.0;
					};
					A767B17E271AB45E00FE2985 = {
						CreatedOnToolsVersion = 13.0;
						TestTargetID = A767B165271AB45D00FE2985;
					};
					A767B188271AB45E00FE2985 = {
						CreatedOnToolsVersion = 13.0;
						TestTargetID = A767B165271AB45D00FE2985;
					};
				};
			};
			buildConfigurationList = A767B161271AB45D00FE2985 /* Build configuration list for PBXProject "WeatherApplication" */;
			compatibilityVersion = "Xcode 13.0";
			developmentRegion = en;
			hasScannedForEncodings = 0;
			knownRegions = (
				en,
				Base,
			);
			mainGroup = A767B15D271AB45D00FE2985;
			packageReferences = (
				A767B19C271AB68B00FE2985 /* XCRemoteSwiftPackageReference "DefaultNetworkOperationPackage" */,
				A700D8ED271AFDB60055178A /* XCRemoteSwiftPackageReference "firebase-ios-sdk" */,
			);
			productRefGroup = A767B167271AB45D00FE2985 /* Products */;
			projectDirPath = "";
			projectRoot = "";
			targets = (
				A767B165271AB45D00FE2985 /* WeatherApplication */,
				A767B17E271AB45E00FE2985 /* WeatherApplicationTests */,
				A767B188271AB45E00FE2985 /* WeatherApplicationUITests */,
			);
		};
/* End PBXProject section */

/* Begin PBXResourcesBuildPhase section */
		A767B164271AB45D00FE2985 /* Resources */ = {
			isa = PBXResourcesBuildPhase;
			buildActionMask = 2147483647;
			files = (
				A7D2D201271AEC440020A129 /* Roboto-Bold.ttf in Resources */,
				A7D2D1FF271AEC440020A129 /* LICENSE.txt in Resources */,
				A7D2D1FC271AEC440020A129 /* Roboto-BoldItalic.ttf in Resources */,
				A7D2D1F9271AEC440020A129 /* Roboto-Regular.ttf in Resources */,
				A7D2D1FD271AEC440020A129 /* Roboto-LightItalic.ttf in Resources */,
				A7D2D1F7271AEC440020A129 /* Roboto-Medium.ttf in Resources */,
				A767B179271AB45E00FE2985 /* LaunchScreen.storyboard in Resources */,
				A7D2D200271AEC440020A129 /* Roboto-BlackItalic.ttf in Resources */,
				A7D2D202271AEC440020A129 /* Roboto-Thin.ttf in Resources */,
				A7D2D1F8271AEC440020A129 /* Roboto-Light.ttf in Resources */,
				A7D2D1FB271AEC440020A129 /* Roboto-ThinItalic.ttf in Resources */,
				A7D2D203271AEC440020A129 /* Roboto-Black.ttf in Resources */,
				A7D2D1FA271AEC440020A129 /* Roboto-MediumItalic.ttf in Resources */,
				A7D2D1D4271AD68D0020A129 /* GoogleService-Info.plist in Resources */,
				A7D2D1FE271AEC440020A129 /* Roboto-Italic.ttf in Resources */,
				A767B176271AB45E00FE2985 /* Assets.xcassets in Resources */,
			);
			runOnlyForDeploymentPostprocessing = 0;
		};
		A767B17D271AB45E00FE2985 /* Resources */ = {
			isa = PBXResourcesBuildPhase;
			buildActionMask = 2147483647;
			files = (
			);
			runOnlyForDeploymentPostprocessing = 0;
		};
		A767B187271AB45E00FE2985 /* Resources */ = {
			isa = PBXResourcesBuildPhase;
			buildActionMask = 2147483647;
			files = (
			);
			runOnlyForDeploymentPostprocessing = 0;
		};
/* End PBXResourcesBuildPhase section */

/* Begin PBXSourcesBuildPhase section */
		A767B162271AB45D00FE2985 /* Sources */ = {
			isa = PBXSourcesBuildPhase;
			buildActionMask = 2147483647;
			files = (
				A7D2D1CA271AD0360020A129 /* GenericDataProtocol.swift in Sources */,
				A7D2D1CF271AD0360020A129 /* PageViewImages.swift in Sources */,
				A7D2D1E4271AE6A40020A129 /* SplashViewModel.swift in Sources */,
				A7D2D1CC271AD0360020A129 /* BaseView.swift in Sources */,
				A767B16A271AB45D00FE2985 /* AppDelegate.swift in Sources */,
				A74A7D52271C087800947CC2 /* ItemListProtocol.swift in Sources */,
				A7D2D21B271AF6F30020A129 /* LoginViewController.swift in Sources */,
				A74A7D7B271C3EF300947CC2 /* ItemListViewData.swift in Sources */,
				A74A7D53271C087800947CC2 /* ItemListView.swift in Sources */,
				A74A7D79271C379C00947CC2 /* HeaderViewData.swift in Sources */,
				A7D2D21F271AF6FF0020A129 /* LoginViewBuilder.swift in Sources */,
				A7D2D1E8271AE6D10020A129 /* SplashViewBuilder.swift in Sources */,
				A74A7D65271C140B00947CC2 /* CommonUtilImages.swift in Sources */,
				A74A7D63271C0BC000947CC2 /* UIView+Extensions.swift in Sources */,
				A7D2D20B271AF3070020A129 /* MainTabBarController.swift in Sources */,
				A7D2D21D271AF6F90020A129 /* LoginViewModel.swift in Sources */,
				A7D2D20A271AF3070020A129 /* MainTabBarBuilder.swift in Sources */,
				A74A7D74271C2ED700947CC2 /* SampleView.swift in Sources */,
				A7D2D212271AF31D0020A129 /* AccountViewBuilder.swift in Sources */,
				A74A7D33271C050500947CC2 /* SFSymbolsHelper.swift in Sources */,
				A7D2D211271AF31D0020A129 /* AccountViewModel.swift in Sources */,
				A74A7D4D271C087800947CC2 /* LabelDistributionData.swift in Sources */,
				A7D2D221271AF8BA0020A129 /* SimpleAuthenticationRequest.swift in Sources */,
				A7D2D1E0271AE6520020A129 /* MainViewController.swift in Sources */,
				A7D2D1CE271AD0360020A129 /* TabBarImages.swift in Sources */,
				A74A7D4F271C087800947CC2 /* LabelPackComponent.swift in Sources */,
				A7D2D216271AF45C0020A129 /* AuthenticationManager.swift in Sources */,
				A7D2D1D2271AD0360020A129 /* UserDefaultsWrapperHelper.swift in Sources */,
				A74A7D50271C087800947CC2 /* ItemTableViewCellData.swift in Sources */,
				A7D2D1CB271AD0360020A129 /* GenericBaseView.swift in Sources */,
				A74A7D5C271C08A700947CC2 /* ActionButtonType.swift in Sources */,
				A74A7D54271C087800947CC2 /* SampleTest.swift in Sources */,
				A74A7D69271C1F6600947CC2 /* GenericRowType.swift in Sources */,
				A74A7D6B271C207800947CC2 /* AccountViewDataFormatter.swift in Sources */,
				A7D2D206271AED1F0020A129 /* MainFont.swift in Sources */,
				A74A7D71271C254100947CC2 /* ViewState.swift in Sources */,
				A74A7D62271C0BC000947CC2 /* String+Extension.swift in Sources */,
				A7D2D1C9271AD0360020A129 /* BaseTableViewCell.swift in Sources */,
				A767B174271AB45D00FE2985 /* WeatherApplication.xcdatamodeld in Sources */,
				A7D2D1DE271AE64B0020A129 /* MainViewBuilder.swift in Sources */,
				A74A7D56271C087800947CC2 /* PageViewComponentData.swift in Sources */,
				A7D2D218271AF5910020A129 /* AuthenticationManagerProtocol.swift in Sources */,
				A74A7D55271C087800947CC2 /* PageViewComponent.swift in Sources */,
				A7D2D1C8271AD0360020A129 /* BaseViewController.swift in Sources */,
				A7D2D1D1271AD0360020A129 /* TutorialViewInfoStore.swift in Sources */,
				A74A7D6D271C209A00947CC2 /* AccountViewDataProtocol.swift in Sources */,
				A74A7D5F271C08A700947CC2 /* ActionButtonTheme.swift in Sources */,
				A7D2D1E2271AE6580020A129 /* MainViewModel.swift in Sources */,
				A7D2D1B2271ACB2F0020A129 /* EndpointHelper.swift in Sources */,
				A74A7D5D271C08A700947CC2 /* ActionButtonData.swift in Sources */,
				A7D2D1C7271AD0360020A129 /* GenericValueProtocol.swift in Sources */,
				A7D2D1CD271AD0360020A129 /* UIApplication+Extension.swift in Sources */,
				A7D2D210271AF31D0020A129 /* AccountViewController.swift in Sources */,
				A74A7D4E271C087800947CC2 /* LabelPackComponentData.swift in Sources */,
				A74A7D51271C087800947CC2 /* ItemTableViewCell.swift in Sources */,
				A7D2D1E6271AE6B20020A129 /* SplashViewController.swift in Sources */,
				A74A7D5E271C08A700947CC2 /* ActionButton.swift in Sources */,
				A74A7D77271C379600947CC2 /* HeaderView.swift in Sources */,
			);
			runOnlyForDeploymentPostprocessing = 0;
		};
		A767B17B271AB45E00FE2985 /* Sources */ = {
			isa = PBXSourcesBuildPhase;
			buildActionMask = 2147483647;
			files = (
				A767B184271AB45E00FE2985 /* WeatherApplicationTests.swift in Sources */,
			);
			runOnlyForDeploymentPostprocessing = 0;
		};
		A767B185271AB45E00FE2985 /* Sources */ = {
			isa = PBXSourcesBuildPhase;
			buildActionMask = 2147483647;
			files = (
				A767B190271AB45E00FE2985 /* WeatherApplicationUITestsLaunchTests.swift in Sources */,
				A767B18E271AB45E00FE2985 /* WeatherApplicationUITests.swift in Sources */,
			);
			runOnlyForDeploymentPostprocessing = 0;
		};
/* End PBXSourcesBuildPhase section */

/* Begin PBXTargetDependency section */
		A767B181271AB45E00FE2985 /* PBXTargetDependency */ = {
			isa = PBXTargetDependency;
			target = A767B165271AB45D00FE2985 /* WeatherApplication */;
			targetProxy = A767B180271AB45E00FE2985 /* PBXContainerItemProxy */;
		};
		A767B18B271AB45E00FE2985 /* PBXTargetDependency */ = {
			isa = PBXTargetDependency;
			target = A767B165271AB45D00FE2985 /* WeatherApplication */;
			targetProxy = A767B18A271AB45E00FE2985 /* PBXContainerItemProxy */;
		};
/* End PBXTargetDependency section */

/* Begin PBXVariantGroup section */
		A767B177271AB45E00FE2985 /* LaunchScreen.storyboard */ = {
			isa = PBXVariantGroup;
			children = (
				A767B178271AB45E00FE2985 /* Base */,
			);
			name = LaunchScreen.storyboard;
			sourceTree = "<group>";
		};
/* End PBXVariantGroup section */

/* Begin XCBuildConfiguration section */
		A767B191271AB45E00FE2985 /* Debug */ = {
			isa = XCBuildConfiguration;
			buildSettings = {
				ALWAYS_SEARCH_USER_PATHS = NO;
				CLANG_ANALYZER_NONNULL = YES;
				CLANG_ANALYZER_NUMBER_OBJECT_CONVERSION = YES_AGGRESSIVE;
				CLANG_CXX_LANGUAGE_STANDARD = "gnu++17";
				CLANG_CXX_LIBRARY = "libc++";
				CLANG_ENABLE_MODULES = YES;
				CLANG_ENABLE_OBJC_ARC = YES;
				CLANG_ENABLE_OBJC_WEAK = YES;
				CLANG_WARN_BLOCK_CAPTURE_AUTORELEASING = YES;
				CLANG_WARN_BOOL_CONVERSION = YES;
				CLANG_WARN_COMMA = YES;
				CLANG_WARN_CONSTANT_CONVERSION = YES;
				CLANG_WARN_DEPRECATED_OBJC_IMPLEMENTATIONS = YES;
				CLANG_WARN_DIRECT_OBJC_ISA_USAGE = YES_ERROR;
				CLANG_WARN_DOCUMENTATION_COMMENTS = YES;
				CLANG_WARN_EMPTY_BODY = YES;
				CLANG_WARN_ENUM_CONVERSION = YES;
				CLANG_WARN_INFINITE_RECURSION = YES;
				CLANG_WARN_INT_CONVERSION = YES;
				CLANG_WARN_NON_LITERAL_NULL_CONVERSION = YES;
				CLANG_WARN_OBJC_IMPLICIT_RETAIN_SELF = YES;
				CLANG_WARN_OBJC_LITERAL_CONVERSION = YES;
				CLANG_WARN_OBJC_ROOT_CLASS = YES_ERROR;
				CLANG_WARN_QUOTED_INCLUDE_IN_FRAMEWORK_HEADER = YES;
				CLANG_WARN_RANGE_LOOP_ANALYSIS = YES;
				CLANG_WARN_STRICT_PROTOTYPES = YES;
				CLANG_WARN_SUSPICIOUS_MOVE = YES;
				CLANG_WARN_UNGUARDED_AVAILABILITY = YES_AGGRESSIVE;
				CLANG_WARN_UNREACHABLE_CODE = YES;
				CLANG_WARN__DUPLICATE_METHOD_MATCH = YES;
				COPY_PHASE_STRIP = NO;
				DEBUG_INFORMATION_FORMAT = dwarf;
				ENABLE_STRICT_OBJC_MSGSEND = YES;
				ENABLE_TESTABILITY = YES;
				GCC_C_LANGUAGE_STANDARD = gnu11;
				GCC_DYNAMIC_NO_PIC = NO;
				GCC_NO_COMMON_BLOCKS = YES;
				GCC_OPTIMIZATION_LEVEL = 0;
				GCC_PREPROCESSOR_DEFINITIONS = (
					"DEBUG=1",
					"$(inherited)",
				);
				GCC_WARN_64_TO_32_BIT_CONVERSION = YES;
				GCC_WARN_ABOUT_RETURN_TYPE = YES_ERROR;
				GCC_WARN_UNDECLARED_SELECTOR = YES;
				GCC_WARN_UNINITIALIZED_AUTOS = YES_AGGRESSIVE;
				GCC_WARN_UNUSED_FUNCTION = YES;
				GCC_WARN_UNUSED_VARIABLE = YES;
				IPHONEOS_DEPLOYMENT_TARGET = 15.0;
				MTL_ENABLE_DEBUG_INFO = INCLUDE_SOURCE;
				MTL_FAST_MATH = YES;
				ONLY_ACTIVE_ARCH = YES;
				SDKROOT = iphoneos;
				SWIFT_ACTIVE_COMPILATION_CONDITIONS = DEBUG;
				SWIFT_OPTIMIZATION_LEVEL = "-Onone";
			};
			name = Debug;
		};
		A767B192271AB45E00FE2985 /* Release */ = {
			isa = XCBuildConfiguration;
			buildSettings = {
				ALWAYS_SEARCH_USER_PATHS = NO;
				CLANG_ANALYZER_NONNULL = YES;
				CLANG_ANALYZER_NUMBER_OBJECT_CONVERSION = YES_AGGRESSIVE;
				CLANG_CXX_LANGUAGE_STANDARD = "gnu++17";
				CLANG_CXX_LIBRARY = "libc++";
				CLANG_ENABLE_MODULES = YES;
				CLANG_ENABLE_OBJC_ARC = YES;
				CLANG_ENABLE_OBJC_WEAK = YES;
				CLANG_WARN_BLOCK_CAPTURE_AUTORELEASING = YES;
				CLANG_WARN_BOOL_CONVERSION = YES;
				CLANG_WARN_COMMA = YES;
				CLANG_WARN_CONSTANT_CONVERSION = YES;
				CLANG_WARN_DEPRECATED_OBJC_IMPLEMENTATIONS = YES;
				CLANG_WARN_DIRECT_OBJC_ISA_USAGE = YES_ERROR;
				CLANG_WARN_DOCUMENTATION_COMMENTS = YES;
				CLANG_WARN_EMPTY_BODY = YES;
				CLANG_WARN_ENUM_CONVERSION = YES;
				CLANG_WARN_INFINITE_RECURSION = YES;
				CLANG_WARN_INT_CONVERSION = YES;
				CLANG_WARN_NON_LITERAL_NULL_CONVERSION = YES;
				CLANG_WARN_OBJC_IMPLICIT_RETAIN_SELF = YES;
				CLANG_WARN_OBJC_LITERAL_CONVERSION = YES;
				CLANG_WARN_OBJC_ROOT_CLASS = YES_ERROR;
				CLANG_WARN_QUOTED_INCLUDE_IN_FRAMEWORK_HEADER = YES;
				CLANG_WARN_RANGE_LOOP_ANALYSIS = YES;
				CLANG_WARN_STRICT_PROTOTYPES = YES;
				CLANG_WARN_SUSPICIOUS_MOVE = YES;
				CLANG_WARN_UNGUARDED_AVAILABILITY = YES_AGGRESSIVE;
				CLANG_WARN_UNREACHABLE_CODE = YES;
				CLANG_WARN__DUPLICATE_METHOD_MATCH = YES;
				COPY_PHASE_STRIP = NO;
				DEBUG_INFORMATION_FORMAT = "dwarf-with-dsym";
				ENABLE_NS_ASSERTIONS = NO;
				ENABLE_STRICT_OBJC_MSGSEND = YES;
				GCC_C_LANGUAGE_STANDARD = gnu11;
				GCC_NO_COMMON_BLOCKS = YES;
				GCC_WARN_64_TO_32_BIT_CONVERSION = YES;
				GCC_WARN_ABOUT_RETURN_TYPE = YES_ERROR;
				GCC_WARN_UNDECLARED_SELECTOR = YES;
				GCC_WARN_UNINITIALIZED_AUTOS = YES_AGGRESSIVE;
				GCC_WARN_UNUSED_FUNCTION = YES;
				GCC_WARN_UNUSED_VARIABLE = YES;
				IPHONEOS_DEPLOYMENT_TARGET = 15.0;
				MTL_ENABLE_DEBUG_INFO = NO;
				MTL_FAST_MATH = YES;
				SDKROOT = iphoneos;
				SWIFT_COMPILATION_MODE = wholemodule;
				SWIFT_OPTIMIZATION_LEVEL = "-O";
				VALIDATE_PRODUCT = YES;
			};
			name = Release;
		};
		A767B194271AB45E00FE2985 /* Debug */ = {
			isa = XCBuildConfiguration;
			buildSettings = {
				ASSETCATALOG_COMPILER_APPICON_NAME = AppIcon;
				ASSETCATALOG_COMPILER_GLOBAL_ACCENT_COLOR_NAME = AccentColor;
				CODE_SIGN_STYLE = Automatic;
				CURRENT_PROJECT_VERSION = 1;
				DEVELOPMENT_TEAM = ZVL2SV8VV7;
				GENERATE_INFOPLIST_FILE = YES;
				INFOPLIST_FILE = WeatherApplication/Info.plist;
				INFOPLIST_KEY_CFBundleDisplayName = "Weather Application";
				INFOPLIST_KEY_UIApplicationSupportsIndirectInputEvents = YES;
				INFOPLIST_KEY_UILaunchStoryboardName = LaunchScreen;
				INFOPLIST_KEY_UISupportedInterfaceOrientations_iPad = "UIInterfaceOrientationPortrait UIInterfaceOrientationPortraitUpsideDown UIInterfaceOrientationLandscapeLeft UIInterfaceOrientationLandscapeRight";
				INFOPLIST_KEY_UISupportedInterfaceOrientations_iPhone = "UIInterfaceOrientationPortrait UIInterfaceOrientationLandscapeLeft UIInterfaceOrientationLandscapeRight";
				LD_RUNPATH_SEARCH_PATHS = (
					"$(inherited)",
					"@executable_path/Frameworks",
				);
				MARKETING_VERSION = 1.0;
				PRODUCT_BUNDLE_IDENTIFIER = tukre.WeatherApplication;
				PRODUCT_NAME = "$(TARGET_NAME)";
				SWIFT_EMIT_LOC_STRINGS = YES;
				SWIFT_VERSION = 5.0;
				TARGETED_DEVICE_FAMILY = "1,2";
			};
			name = Debug;
		};
		A767B195271AB45E00FE2985 /* Release */ = {
			isa = XCBuildConfiguration;
			buildSettings = {
				ASSETCATALOG_COMPILER_APPICON_NAME = AppIcon;
				ASSETCATALOG_COMPILER_GLOBAL_ACCENT_COLOR_NAME = AccentColor;
				CODE_SIGN_STYLE = Automatic;
				CURRENT_PROJECT_VERSION = 1;
				DEVELOPMENT_TEAM = ZVL2SV8VV7;
				GENERATE_INFOPLIST_FILE = YES;
				INFOPLIST_FILE = WeatherApplication/Info.plist;
				INFOPLIST_KEY_CFBundleDisplayName = "Weather Application";
				INFOPLIST_KEY_UIApplicationSupportsIndirectInputEvents = YES;
				INFOPLIST_KEY_UILaunchStoryboardName = LaunchScreen;
				INFOPLIST_KEY_UISupportedInterfaceOrientations_iPad = "UIInterfaceOrientationPortrait UIInterfaceOrientationPortraitUpsideDown UIInterfaceOrientationLandscapeLeft UIInterfaceOrientationLandscapeRight";
				INFOPLIST_KEY_UISupportedInterfaceOrientations_iPhone = "UIInterfaceOrientationPortrait UIInterfaceOrientationLandscapeLeft UIInterfaceOrientationLandscapeRight";
				LD_RUNPATH_SEARCH_PATHS = (
					"$(inherited)",
					"@executable_path/Frameworks",
				);
				MARKETING_VERSION = 1.0;
				PRODUCT_BUNDLE_IDENTIFIER = tukre.WeatherApplication;
				PRODUCT_NAME = "$(TARGET_NAME)";
				SWIFT_EMIT_LOC_STRINGS = YES;
				SWIFT_VERSION = 5.0;
				TARGETED_DEVICE_FAMILY = "1,2";
			};
			name = Release;
		};
		A767B197271AB45E00FE2985 /* Debug */ = {
			isa = XCBuildConfiguration;
			buildSettings = {
				ALWAYS_EMBED_SWIFT_STANDARD_LIBRARIES = YES;
				BUNDLE_LOADER = "$(TEST_HOST)";
				CODE_SIGN_STYLE = Automatic;
				CURRENT_PROJECT_VERSION = 1;
				DEVELOPMENT_TEAM = ZVL2SV8VV7;
				GENERATE_INFOPLIST_FILE = YES;
				IPHONEOS_DEPLOYMENT_TARGET = 15.0;
				LD_RUNPATH_SEARCH_PATHS = (
					"$(inherited)",
					"@executable_path/Frameworks",
					"@loader_path/Frameworks",
				);
				MARKETING_VERSION = 1.0;
				PRODUCT_BUNDLE_IDENTIFIER = tukre.WeatherApplicationTests;
				PRODUCT_NAME = "$(TARGET_NAME)";
				SWIFT_EMIT_LOC_STRINGS = NO;
				SWIFT_VERSION = 5.0;
				TARGETED_DEVICE_FAMILY = "1,2";
				TEST_HOST = "$(BUILT_PRODUCTS_DIR)/WeatherApplication.app/WeatherApplication";
			};
			name = Debug;
		};
		A767B198271AB45E00FE2985 /* Release */ = {
			isa = XCBuildConfiguration;
			buildSettings = {
				ALWAYS_EMBED_SWIFT_STANDARD_LIBRARIES = YES;
				BUNDLE_LOADER = "$(TEST_HOST)";
				CODE_SIGN_STYLE = Automatic;
				CURRENT_PROJECT_VERSION = 1;
				DEVELOPMENT_TEAM = ZVL2SV8VV7;
				GENERATE_INFOPLIST_FILE = YES;
				IPHONEOS_DEPLOYMENT_TARGET = 15.0;
				LD_RUNPATH_SEARCH_PATHS = (
					"$(inherited)",
					"@executable_path/Frameworks",
					"@loader_path/Frameworks",
				);
				MARKETING_VERSION = 1.0;
				PRODUCT_BUNDLE_IDENTIFIER = tukre.WeatherApplicationTests;
				PRODUCT_NAME = "$(TARGET_NAME)";
				SWIFT_EMIT_LOC_STRINGS = NO;
				SWIFT_VERSION = 5.0;
				TARGETED_DEVICE_FAMILY = "1,2";
				TEST_HOST = "$(BUILT_PRODUCTS_DIR)/WeatherApplication.app/WeatherApplication";
			};
			name = Release;
		};
		A767B19A271AB45E00FE2985 /* Debug */ = {
			isa = XCBuildConfiguration;
			buildSettings = {
				ALWAYS_EMBED_SWIFT_STANDARD_LIBRARIES = YES;
				CODE_SIGN_STYLE = Automatic;
				CURRENT_PROJECT_VERSION = 1;
				DEVELOPMENT_TEAM = ZVL2SV8VV7;
				GENERATE_INFOPLIST_FILE = YES;
				LD_RUNPATH_SEARCH_PATHS = (
					"$(inherited)",
					"@executable_path/Frameworks",
					"@loader_path/Frameworks",
				);
				MARKETING_VERSION = 1.0;
				PRODUCT_BUNDLE_IDENTIFIER = tukre.WeatherApplicationUITests;
				PRODUCT_NAME = "$(TARGET_NAME)";
				SWIFT_EMIT_LOC_STRINGS = NO;
				SWIFT_VERSION = 5.0;
				TARGETED_DEVICE_FAMILY = "1,2";
				TEST_TARGET_NAME = WeatherApplication;
			};
			name = Debug;
		};
		A767B19B271AB45E00FE2985 /* Release */ = {
			isa = XCBuildConfiguration;
			buildSettings = {
				ALWAYS_EMBED_SWIFT_STANDARD_LIBRARIES = YES;
				CODE_SIGN_STYLE = Automatic;
				CURRENT_PROJECT_VERSION = 1;
				DEVELOPMENT_TEAM = ZVL2SV8VV7;
				GENERATE_INFOPLIST_FILE = YES;
				LD_RUNPATH_SEARCH_PATHS = (
					"$(inherited)",
					"@executable_path/Frameworks",
					"@loader_path/Frameworks",
				);
				MARKETING_VERSION = 1.0;
				PRODUCT_BUNDLE_IDENTIFIER = tukre.WeatherApplicationUITests;
				PRODUCT_NAME = "$(TARGET_NAME)";
				SWIFT_EMIT_LOC_STRINGS = NO;
				SWIFT_VERSION = 5.0;
				TARGETED_DEVICE_FAMILY = "1,2";
				TEST_TARGET_NAME = WeatherApplication;
			};
			name = Release;
		};
/* End XCBuildConfiguration section */

/* Begin XCConfigurationList section */
		A767B161271AB45D00FE2985 /* Build configuration list for PBXProject "WeatherApplication" */ = {
			isa = XCConfigurationList;
			buildConfigurations = (
				A767B191271AB45E00FE2985 /* Debug */,
				A767B192271AB45E00FE2985 /* Release */,
			);
			defaultConfigurationIsVisible = 0;
			defaultConfigurationName = Release;
		};
		A767B193271AB45E00FE2985 /* Build configuration list for PBXNativeTarget "WeatherApplication" */ = {
			isa = XCConfigurationList;
			buildConfigurations = (
				A767B194271AB45E00FE2985 /* Debug */,
				A767B195271AB45E00FE2985 /* Release */,
			);
			defaultConfigurationIsVisible = 0;
			defaultConfigurationName = Release;
		};
		A767B196271AB45E00FE2985 /* Build configuration list for PBXNativeTarget "WeatherApplicationTests" */ = {
			isa = XCConfigurationList;
			buildConfigurations = (
				A767B197271AB45E00FE2985 /* Debug */,
				A767B198271AB45E00FE2985 /* Release */,
			);
			defaultConfigurationIsVisible = 0;
			defaultConfigurationName = Release;
		};
		A767B199271AB45E00FE2985 /* Build configuration list for PBXNativeTarget "WeatherApplicationUITests" */ = {
			isa = XCConfigurationList;
			buildConfigurations = (
				A767B19A271AB45E00FE2985 /* Debug */,
				A767B19B271AB45E00FE2985 /* Release */,
			);
			defaultConfigurationIsVisible = 0;
			defaultConfigurationName = Release;
		};
/* End XCConfigurationList section */

/* Begin XCRemoteSwiftPackageReference section */
		A700D8ED271AFDB60055178A /* XCRemoteSwiftPackageReference "firebase-ios-sdk" */ = {
			isa = XCRemoteSwiftPackageReference;
			repositoryURL = "https://github.com/firebase/firebase-ios-sdk.git";
			requirement = {
				kind = upToNextMajorVersion;
				minimumVersion = 8.0.0;
			};
		};
		A767B19C271AB68B00FE2985 /* XCRemoteSwiftPackageReference "DefaultNetworkOperationPackage" */ = {
			isa = XCRemoteSwiftPackageReference;
			repositoryURL = "https://github.com/erkutbas/DefaultNetworkOperationPackage.git";
			requirement = {
				branch = main;
				kind = branch;
			};
		};
/* End XCRemoteSwiftPackageReference section */

/* Begin XCSwiftPackageProductDependency section */
		A700D8EE271AFDB60055178A /* FirebaseAnalytics */ = {
			isa = XCSwiftPackageProductDependency;
			package = A700D8ED271AFDB60055178A /* XCRemoteSwiftPackageReference "firebase-ios-sdk" */;
			productName = FirebaseAnalytics;
		};
		A700D8F0271AFDB60055178A /* FirebaseAuth */ = {
			isa = XCSwiftPackageProductDependency;
			package = A700D8ED271AFDB60055178A /* XCRemoteSwiftPackageReference "firebase-ios-sdk" */;
			productName = FirebaseAuth;
		};
		A767B19D271AB68B00FE2985 /* DefaultNetworkOperationPackage */ = {
			isa = XCSwiftPackageProductDependency;
			package = A767B19C271AB68B00FE2985 /* XCRemoteSwiftPackageReference "DefaultNetworkOperationPackage" */;
			productName = DefaultNetworkOperationPackage;
		};
/* End XCSwiftPackageProductDependency section */

/* Begin XCVersionGroup section */
		A767B172271AB45D00FE2985 /* WeatherApplication.xcdatamodeld */ = {
			isa = XCVersionGroup;
			children = (
				A767B173271AB45D00FE2985 /* WeatherApplication.xcdatamodel */,
			);
			currentVersion = A767B173271AB45D00FE2985 /* WeatherApplication.xcdatamodel */;
			path = WeatherApplication.xcdatamodeld;
			sourceTree = "<group>";
			versionGroupType = wrapper.xcdatamodel;
		};
/* End XCVersionGroup section */
	};
	rootObject = A767B15E271AB45D00FE2985 /* Project object */;
}
