// !$*UTF8*$!
{
	archiveVersion = 1;
	classes = {
	};
	objectVersion = 55;
	objects = {

/* Begin PBXBuildFile section */
		A767B16A271AB45D00FE2985 /* AppDelegate.swift in Sources */ = {isa = PBXBuildFile; fileRef = A767B169271AB45D00FE2985 /* AppDelegate.swift */; };
		A767B16C271AB45D00FE2985 /* SceneDelegate.swift in Sources */ = {isa = PBXBuildFile; fileRef = A767B16B271AB45D00FE2985 /* SceneDelegate.swift */; };
		A767B16E271AB45D00FE2985 /* ViewController.swift in Sources */ = {isa = PBXBuildFile; fileRef = A767B16D271AB45D00FE2985 /* ViewController.swift */; };
		A767B171271AB45D00FE2985 /* Main.storyboard in Resources */ = {isa = PBXBuildFile; fileRef = A767B16F271AB45D00FE2985 /* Main.storyboard */; };
		A767B174271AB45D00FE2985 /* WeatherApplication.xcdatamodeld in Sources */ = {isa = PBXBuildFile; fileRef = A767B172271AB45D00FE2985 /* WeatherApplication.xcdatamodeld */; };
		A767B176271AB45E00FE2985 /* Assets.xcassets in Resources */ = {isa = PBXBuildFile; fileRef = A767B175271AB45E00FE2985 /* Assets.xcassets */; };
		A767B179271AB45E00FE2985 /* LaunchScreen.storyboard in Resources */ = {isa = PBXBuildFile; fileRef = A767B177271AB45E00FE2985 /* LaunchScreen.storyboard */; };
		A767B184271AB45E00FE2985 /* WeatherApplicationTests.swift in Sources */ = {isa = PBXBuildFile; fileRef = A767B183271AB45E00FE2985 /* WeatherApplicationTests.swift */; };
		A767B18E271AB45E00FE2985 /* WeatherApplicationUITests.swift in Sources */ = {isa = PBXBuildFile; fileRef = A767B18D271AB45E00FE2985 /* WeatherApplicationUITests.swift */; };
		A767B190271AB45E00FE2985 /* WeatherApplicationUITestsLaunchTests.swift in Sources */ = {isa = PBXBuildFile; fileRef = A767B18F271AB45E00FE2985 /* WeatherApplicationUITestsLaunchTests.swift */; };
/* End PBXBuildFile section */

/* Begin PBXContainerItemProxy section */
		A767B180271AB45E00FE2985 /* PBXContainerItemProxy */ = {
			isa = PBXContainerItemProxy;
			containerPortal = A767B15E271AB45D00FE2985 /* Project object */;
			proxyType = 1;
			remoteGlobalIDString = A767B165271AB45D00FE2985;
			remoteInfo = WeatherApplication;
		};
		A767B18A271AB45E00FE2985 /* PBXContainerItemProxy */ = {
			isa = PBXContainerItemProxy;
			containerPortal = A767B15E271AB45D00FE2985 /* Project object */;
			proxyType = 1;
			remoteGlobalIDString = A767B165271AB45D00FE2985;
			remoteInfo = WeatherApplication;
		};
/* End PBXContainerItemProxy section */

/* Begin PBXFileReference section */
		A767B166271AB45D00FE2985 /* WeatherApplication.app */ = {isa = PBXFileReference; explicitFileType = wrapper.application; includeInIndex = 0; path = WeatherApplication.app; sourceTree = BUILT_PRODUCTS_DIR; };
		A767B169271AB45D00FE2985 /* AppDelegate.swift */ = {isa = PBXFileReference; lastKnownFileType = sourcecode.swift; path = AppDelegate.swift; sourceTree = "<group>"; };
		A767B16B271AB45D00FE2985 /* SceneDelegate.swift */ = {isa = PBXFileReference; lastKnownFileType = sourcecode.swift; path = SceneDelegate.swift; sourceTree = "<group>"; };
		A767B16D271AB45D00FE2985 /* ViewController.swift */ = {isa = PBXFileReference; lastKnownFileType = sourcecode.swift; path = ViewController.swift; sourceTree = "<group>"; };
		A767B170271AB45D00FE2985 /* Base */ = {isa = PBXFileReference; lastKnownFileType = file.storyboard; name = Base; path = Base.lproj/Main.storyboard; sourceTree = "<group>"; };
		A767B173271AB45D00FE2985 /* WeatherApplication.xcdatamodel */ = {isa = PBXFileReference; lastKnownFileType = wrapper.xcdatamodel; path = WeatherApplication.xcdatamodel; sourceTree = "<group>"; };
		A767B175271AB45E00FE2985 /* Assets.xcassets */ = {isa = PBXFileReference; lastKnownFileType = folder.assetcatalog; path = Assets.xcassets; sourceTree = "<group>"; };
		A767B178271AB45E00FE2985 /* Base */ = {isa = PBXFileReference; lastKnownFileType = file.storyboard; name = Base; path = Base.lproj/LaunchScreen.storyboard; sourceTree = "<group>"; };
		A767B17A271AB45E00FE2985 /* Info.plist */ = {isa = PBXFileReference; lastKnownFileType = text.plist.xml; path = Info.plist; sourceTree = "<group>"; };
		A767B17F271AB45E00FE2985 /* WeatherApplicationTests.xctest */ = {isa = PBXFileReference; explicitFileType = wrapper.cfbundle; includeInIndex = 0; path = WeatherApplicationTests.xctest; sourceTree = BUILT_PRODUCTS_DIR; };
		A767B183271AB45E00FE2985 /* WeatherApplicationTests.swift */ = {isa = PBXFileReference; lastKnownFileType = sourcecode.swift; path = WeatherApplicationTests.swift; sourceTree = "<group>"; };
		A767B189271AB45E00FE2985 /* WeatherApplicationUITests.xctest */ = {isa = PBXFileReference; explicitFileType = wrapper.cfbundle; includeInIndex = 0; path = WeatherApplicationUITests.xctest; sourceTree = BUILT_PRODUCTS_DIR; };
		A767B18D271AB45E00FE2985 /* WeatherApplicationUITests.swift */ = {isa = PBXFileReference; lastKnownFileType = sourcecode.swift; path = WeatherApplicationUITests.swift; sourceTree = "<group>"; };
		A767B18F271AB45E00FE2985 /* WeatherApplicationUITestsLaunchTests.swift */ = {isa = PBXFileReference; lastKnownFileType = sourcecode.swift; path = WeatherApplicationUITestsLaunchTests.swift; sourceTree = "<group>"; };
/* End PBXFileReference section */

/* Begin PBXFrameworksBuildPhase section */
		A767B163271AB45D00FE2985 /* Frameworks */ = {
			isa = PBXFrameworksBuildPhase;
			buildActionMask = 2147483647;
			files = (
			);
			runOnlyForDeploymentPostprocessing = 0;
		};
		A767B17C271AB45E00FE2985 /* Frameworks */ = {
			isa = PBXFrameworksBuildPhase;
			buildActionMask = 2147483647;
			files = (
			);
			runOnlyForDeploymentPostprocessing = 0;
		};
		A767B186271AB45E00FE2985 /* Frameworks */ = {
			isa = PBXFrameworksBuildPhase;
			buildActionMask = 2147483647;
			files = (
			);
			runOnlyForDeploymentPostprocessing = 0;
		};
/* End PBXFrameworksBuildPhase section */

/* Begin PBXGroup section */
		A767B15D271AB45D00FE2985 = {
			isa = PBXGroup;
			children = (
				A767B168271AB45D00FE2985 /* WeatherApplication */,
				A767B182271AB45E00FE2985 /* WeatherApplicationTests */,
				A767B18C271AB45E00FE2985 /* WeatherApplicationUITests */,
				A767B167271AB45D00FE2985 /* Products */,
			);
			sourceTree = "<group>";
		};
		A767B167271AB45D00FE2985 /* Products */ = {
			isa = PBXGroup;
			children = (
				A767B166271AB45D00FE2985 /* WeatherApplication.app */,
				A767B17F271AB45E00FE2985 /* WeatherApplicationTests.xctest */,
				A767B189271AB45E00FE2985 /* WeatherApplicationUITests.xctest */,
			);
			name = Products;
			sourceTree = "<group>";
		};
		A767B168271AB45D00FE2985 /* WeatherApplication */ = {
			isa = PBXGroup;
			children = (
				A767B169271AB45D00FE2985 /* AppDelegate.swift */,
				A767B16B271AB45D00FE2985 /* SceneDelegate.swift */,
				A767B16D271AB45D00FE2985 /* ViewController.swift */,
				A767B16F271AB45D00FE2985 /* Main.storyboard */,
				A767B175271AB45E00FE2985 /* Assets.xcassets */,
				A767B177271AB45E00FE2985 /* LaunchScreen.storyboard */,
				A767B17A271AB45E00FE2985 /* Info.plist */,
				A767B172271AB45D00FE2985 /* WeatherApplication.xcdatamodeld */,
			);
			path = WeatherApplication;
			sourceTree = "<group>";
		};
		A767B182271AB45E00FE2985 /* WeatherApplicationTests */ = {
			isa = PBXGroup;
			children = (
				A767B183271AB45E00FE2985 /* WeatherApplicationTests.swift */,
			);
			path = WeatherApplicationTests;
			sourceTree = "<group>";
		};
		A767B18C271AB45E00FE2985 /* WeatherApplicationUITests */ = {
			isa = PBXGroup;
			children = (
				A767B18D271AB45E00FE2985 /* WeatherApplicationUITests.swift */,
				A767B18F271AB45E00FE2985 /* WeatherApplicationUITestsLaunchTests.swift */,
			);
			path = WeatherApplicationUITests;
			sourceTree = "<group>";
		};
/* End PBXGroup section */

/* Begin PBXNativeTarget section */
		A767B165271AB45D00FE2985 /* WeatherApplication */ = {
			isa = PBXNativeTarget;
			buildConfigurationList = A767B193271AB45E00FE2985 /* Build configuration list for PBXNativeTarget "WeatherApplication" */;
			buildPhases = (
				A767B162271AB45D00FE2985 /* Sources */,
				A767B163271AB45D00FE2985 /* Frameworks */,
				A767B164271AB45D00FE2985 /* Resources */,
			);
			buildRules = (
			);
			dependencies = (
			);
			name = WeatherApplication;
			productName = WeatherApplication;
			productReference = A767B166271AB45D00FE2985 /* WeatherApplication.app */;
			productType = "com.apple.product-type.application";
		};
		A767B17E271AB45E00FE2985 /* WeatherApplicationTests */ = {
			isa = PBXNativeTarget;
			buildConfigurationList = A767B196271AB45E00FE2985 /* Build configuration list for PBXNativeTarget "WeatherApplicationTests" */;
			buildPhases = (
				A767B17B271AB45E00FE2985 /* Sources */,
				A767B17C271AB45E00FE2985 /* Frameworks */,
				A767B17D271AB45E00FE2985 /* Resources */,
			);
			buildRules = (
			);
			dependencies = (
				A767B181271AB45E00FE2985 /* PBXTargetDependency */,
			);
			name = WeatherApplicationTests;
			productName = WeatherApplicationTests;
			productReference = A767B17F271AB45E00FE2985 /* WeatherApplicationTests.xctest */;
			productType = "com.apple.product-type.bundle.unit-test";
		};
		A767B188271AB45E00FE2985 /* WeatherApplicationUITests */ = {
			isa = PBXNativeTarget;
			buildConfigurationList = A767B199271AB45E00FE2985 /* Build configuration list for PBXNativeTarget "WeatherApplicationUITests" */;
			buildPhases = (
				A767B185271AB45E00FE2985 /* Sources */,
				A767B186271AB45E00FE2985 /* Frameworks */,
				A767B187271AB45E00FE2985 /* Resources */,
			);
			buildRules = (
			);
			dependencies = (
				A767B18B271AB45E00FE2985 /* PBXTargetDependency */,
			);
			name = WeatherApplicationUITests;
			productName = WeatherApplicationUITests;
			productReference = A767B189271AB45E00FE2985 /* WeatherApplicationUITests.xctest */;
			productType = "com.apple.product-type.bundle.ui-testing";
		};
/* End PBXNativeTarget section */

/* Begin PBXProject section */
		A767B15E271AB45D00FE2985 /* Project object */ = {
			isa = PBXProject;
			attributes = {
				BuildIndependentTargetsInParallel = 1;
				LastSwiftUpdateCheck = 1300;
				LastUpgradeCheck = 1300;
				TargetAttributes = {
					A767B165271AB45D00FE2985 = {
						CreatedOnToolsVersion = 13.0;
					};
					A767B17E271AB45E00FE2985 = {
						CreatedOnToolsVersion = 13.0;
						TestTargetID = A767B165271AB45D00FE2985;
					};
					A767B188271AB45E00FE2985 = {
						CreatedOnToolsVersion = 13.0;
						TestTargetID = A767B165271AB45D00FE2985;
					};
				};
			};
			buildConfigurationList = A767B161271AB45D00FE2985 /* Build configuration list for PBXProject "WeatherApplication" */;
			compatibilityVersion = "Xcode 13.0";
			developmentRegion = en;
			hasScannedForEncodings = 0;
			knownRegions = (
				en,
				Base,
			);
			mainGroup = A767B15D271AB45D00FE2985;
			productRefGroup = A767B167271AB45D00FE2985 /* Products */;
			projectDirPath = "";
			projectRoot = "";
			targets = (
				A767B165271AB45D00FE2985 /* WeatherApplication */,
				A767B17E271AB45E00FE2985 /* WeatherApplicationTests */,
				A767B188271AB45E00FE2985 /* WeatherApplicationUITests */,
			);
		};
/* End PBXProject section */

/* Begin PBXResourcesBuildPhase section */
		A767B164271AB45D00FE2985 /* Resources */ = {
			isa = PBXResourcesBuildPhase;
			buildActionMask = 2147483647;
			files = (
				A767B179271AB45E00FE2985 /* LaunchScreen.storyboard in Resources */,
				A767B176271AB45E00FE2985 /* Assets.xcassets in Resources */,
				A767B171271AB45D00FE2985 /* Main.storyboard in Resources */,
			);
			runOnlyForDeploymentPostprocessing = 0;
		};
		A767B17D271AB45E00FE2985 /* Resources */ = {
			isa = PBXResourcesBuildPhase;
			buildActionMask = 2147483647;
			files = (
			);
			runOnlyForDeploymentPostprocessing = 0;
		};
		A767B187271AB45E00FE2985 /* Resources */ = {
			isa = PBXResourcesBuildPhase;
			buildActionMask = 2147483647;
			files = (
			);
			runOnlyForDeploymentPostprocessing = 0;
		};
/* End PBXResourcesBuildPhase section */

/* Begin PBXSourcesBuildPhase section */
		A767B162271AB45D00FE2985 /* Sources */ = {
			isa = PBXSourcesBuildPhase;
			buildActionMask = 2147483647;
			files = (
				A767B16E271AB45D00FE2985 /* ViewController.swift in Sources */,
				A767B16A271AB45D00FE2985 /* AppDelegate.swift in Sources */,
				A767B16C271AB45D00FE2985 /* SceneDelegate.swift in Sources */,
				A767B174271AB45D00FE2985 /* WeatherApplication.xcdatamodeld in Sources */,
			);
			runOnlyForDeploymentPostprocessing = 0;
		};
		A767B17B271AB45E00FE2985 /* Sources */ = {
			isa = PBXSourcesBuildPhase;
			buildActionMask = 2147483647;
			files = (
				A767B184271AB45E00FE2985 /* WeatherApplicationTests.swift in Sources */,
			);
			runOnlyForDeploymentPostprocessing = 0;
		};
		A767B185271AB45E00FE2985 /* Sources */ = {
			isa = PBXSourcesBuildPhase;
			buildActionMask = 2147483647;
			files = (
				A767B190271AB45E00FE2985 /* WeatherApplicationUITestsLaunchTests.swift in Sources */,
				A767B18E271AB45E00FE2985 /* WeatherApplicationUITests.swift in Sources */,
			);
			runOnlyForDeploymentPostprocessing = 0;
		};
/* End PBXSourcesBuildPhase section */

/* Begin PBXTargetDependency section */
		A767B181271AB45E00FE2985 /* PBXTargetDependency */ = {
			isa = PBXTargetDependency;
			target = A767B165271AB45D00FE2985 /* WeatherApplication */;
			targetProxy = A767B180271AB45E00FE2985 /* PBXContainerItemProxy */;
		};
		A767B18B271AB45E00FE2985 /* PBXTargetDependency */ = {
			isa = PBXTargetDependency;
			target = A767B165271AB45D00FE2985 /* WeatherApplication */;
			targetProxy = A767B18A271AB45E00FE2985 /* PBXContainerItemProxy */;
		};
/* End PBXTargetDependency section */

/* Begin PBXVariantGroup section */
		A767B16F271AB45D00FE2985 /* Main.storyboard */ = {
			isa = PBXVariantGroup;
			children = (
				A767B170271AB45D00FE2985 /* Base */,
			);
			name = Main.storyboard;
			sourceTree = "<group>";
		};
		A767B177271AB45E00FE2985 /* LaunchScreen.storyboard */ = {
			isa = PBXVariantGroup;
			children = (
				A767B178271AB45E00FE2985 /* Base */,
			);
			name = LaunchScreen.storyboard;
			sourceTree = "<group>";
		};
/* End PBXVariantGroup section */

/* Begin XCBuildConfiguration section */
		A767B191271AB45E00FE2985 /* Debug */ = {
			isa = XCBuildConfiguration;
			buildSettings = {
				ALWAYS_SEARCH_USER_PATHS = NO;
				CLANG_ANALYZER_NONNULL = YES;
				CLANG_ANALYZER_NUMBER_OBJECT_CONVERSION = YES_AGGRESSIVE;
				CLANG_CXX_LANGUAGE_STANDARD = "gnu++17";
				CLANG_CXX_LIBRARY = "libc++";
				CLANG_ENABLE_MODULES = YES;
				CLANG_ENABLE_OBJC_ARC = YES;
				CLANG_ENABLE_OBJC_WEAK = YES;
				CLANG_WARN_BLOCK_CAPTURE_AUTORELEASING = YES;
				CLANG_WARN_BOOL_CONVERSION = YES;
				CLANG_WARN_COMMA = YES;
				CLANG_WARN_CONSTANT_CONVERSION = YES;
				CLANG_WARN_DEPRECATED_OBJC_IMPLEMENTATIONS = YES;
				CLANG_WARN_DIRECT_OBJC_ISA_USAGE = YES_ERROR;
				CLANG_WARN_DOCUMENTATION_COMMENTS = YES;
				CLANG_WARN_EMPTY_BODY = YES;
				CLANG_WARN_ENUM_CONVERSION = YES;
				CLANG_WARN_INFINITE_RECURSION = YES;
				CLANG_WARN_INT_CONVERSION = YES;
				CLANG_WARN_NON_LITERAL_NULL_CONVERSION = YES;
				CLANG_WARN_OBJC_IMPLICIT_RETAIN_SELF = YES;
				CLANG_WARN_OBJC_LITERAL_CONVERSION = YES;
				CLANG_WARN_OBJC_ROOT_CLASS = YES_ERROR;
				CLANG_WARN_QUOTED_INCLUDE_IN_FRAMEWORK_HEADER = YES;
				CLANG_WARN_RANGE_LOOP_ANALYSIS = YES;
				CLANG_WARN_STRICT_PROTOTYPES = YES;
				CLANG_WARN_SUSPICIOUS_MOVE = YES;
				CLANG_WARN_UNGUARDED_AVAILABILITY = YES_AGGRESSIVE;
				CLANG_WARN_UNREACHABLE_CODE = YES;
				CLANG_WARN__DUPLICATE_METHOD_MATCH = YES;
				COPY_PHASE_STRIP = NO;
				DEBUG_INFORMATION_FORMAT = dwarf;
				ENABLE_STRICT_OBJC_MSGSEND = YES;
				ENABLE_TESTABILITY = YES;
				GCC_C_LANGUAGE_STANDARD = gnu11;
				GCC_DYNAMIC_NO_PIC = NO;
				GCC_NO_COMMON_BLOCKS = YES;
				GCC_OPTIMIZATION_LEVEL = 0;
				GCC_PREPROCESSOR_DEFINITIONS = (
					"DEBUG=1",
					"$(inherited)",
				);
				GCC_WARN_64_TO_32_BIT_CONVERSION = YES;
				GCC_WARN_ABOUT_RETURN_TYPE = YES_ERROR;
				GCC_WARN_UNDECLARED_SELECTOR = YES;
				GCC_WARN_UNINITIALIZED_AUTOS = YES_AGGRESSIVE;
				GCC_WARN_UNUSED_FUNCTION = YES;
				GCC_WARN_UNUSED_VARIABLE = YES;
				IPHONEOS_DEPLOYMENT_TARGET = 15.0;
				MTL_ENABLE_DEBUG_INFO = INCLUDE_SOURCE;
				MTL_FAST_MATH = YES;
				ONLY_ACTIVE_ARCH = YES;
				SDKROOT = iphoneos;
				SWIFT_ACTIVE_COMPILATION_CONDITIONS = DEBUG;
				SWIFT_OPTIMIZATION_LEVEL = "-Onone";
			};
			name = Debug;
		};
		A767B192271AB45E00FE2985 /* Release */ = {
			isa = XCBuildConfiguration;
			buildSettings = {
				ALWAYS_SEARCH_USER_PATHS = NO;
				CLANG_ANALYZER_NONNULL = YES;
				CLANG_ANALYZER_NUMBER_OBJECT_CONVERSION = YES_AGGRESSIVE;
				CLANG_CXX_LANGUAGE_STANDARD = "gnu++17";
				CLANG_CXX_LIBRARY = "libc++";
				CLANG_ENABLE_MODULES = YES;
				CLANG_ENABLE_OBJC_ARC = YES;
				CLANG_ENABLE_OBJC_WEAK = YES;
				CLANG_WARN_BLOCK_CAPTURE_AUTORELEASING = YES;
				CLANG_WARN_BOOL_CONVERSION = YES;
				CLANG_WARN_COMMA = YES;
				CLANG_WARN_CONSTANT_CONVERSION = YES;
				CLANG_WARN_DEPRECATED_OBJC_IMPLEMENTATIONS = YES;
				CLANG_WARN_DIRECT_OBJC_ISA_USAGE = YES_ERROR;
				CLANG_WARN_DOCUMENTATION_COMMENTS = YES;
				CLANG_WARN_EMPTY_BODY = YES;
				CLANG_WARN_ENUM_CONVERSION = YES;
				CLANG_WARN_INFINITE_RECURSION = YES;
				CLANG_WARN_INT_CONVERSION = YES;
				CLANG_WARN_NON_LITERAL_NULL_CONVERSION = YES;
				CLANG_WARN_OBJC_IMPLICIT_RETAIN_SELF = YES;
				CLANG_WARN_OBJC_LITERAL_CONVERSION = YES;
				CLANG_WARN_OBJC_ROOT_CLASS = YES_ERROR;
				CLANG_WARN_QUOTED_INCLUDE_IN_FRAMEWORK_HEADER = YES;
				CLANG_WARN_RANGE_LOOP_ANALYSIS = YES;
				CLANG_WARN_STRICT_PROTOTYPES = YES;
				CLANG_WARN_SUSPICIOUS_MOVE = YES;
				CLANG_WARN_UNGUARDED_AVAILABILITY = YES_AGGRESSIVE;
				CLANG_WARN_UNREACHABLE_CODE = YES;
				CLANG_WARN__DUPLICATE_METHOD_MATCH = YES;
				COPY_PHASE_STRIP = NO;
				DEBUG_INFORMATION_FORMAT = "dwarf-with-dsym";
				ENABLE_NS_ASSERTIONS = NO;
				ENABLE_STRICT_OBJC_MSGSEND = YES;
				GCC_C_LANGUAGE_STANDARD = gnu11;
				GCC_NO_COMMON_BLOCKS = YES;
				GCC_WARN_64_TO_32_BIT_CONVERSION = YES;
				GCC_WARN_ABOUT_RETURN_TYPE = YES_ERROR;
				GCC_WARN_UNDECLARED_SELECTOR = YES;
				GCC_WARN_UNINITIALIZED_AUTOS = YES_AGGRESSIVE;
				GCC_WARN_UNUSED_FUNCTION = YES;
				GCC_WARN_UNUSED_VARIABLE = YES;
				IPHONEOS_DEPLOYMENT_TARGET = 15.0;
				MTL_ENABLE_DEBUG_INFO = NO;
				MTL_FAST_MATH = YES;
				SDKROOT = iphoneos;
				SWIFT_COMPILATION_MODE = wholemodule;
				SWIFT_OPTIMIZATION_LEVEL = "-O";
				VALIDATE_PRODUCT = YES;
			};
			name = Release;
		};
		A767B194271AB45E00FE2985 /* Debug */ = {
			isa = XCBuildConfiguration;
			buildSettings = {
				ASSETCATALOG_COMPILER_APPICON_NAME = AppIcon;
				ASSETCATALOG_COMPILER_GLOBAL_ACCENT_COLOR_NAME = AccentColor;
				CODE_SIGN_STYLE = Automatic;
				CURRENT_PROJECT_VERSION = 1;
				DEVELOPMENT_TEAM = ZVL2SV8VV7;
				GENERATE_INFOPLIST_FILE = YES;
				INFOPLIST_FILE = WeatherApplication/Info.plist;
				INFOPLIST_KEY_UIApplicationSupportsIndirectInputEvents = YES;
				INFOPLIST_KEY_UILaunchStoryboardName = LaunchScreen;
				INFOPLIST_KEY_UIMainStoryboardFile = Main;
				INFOPLIST_KEY_UISupportedInterfaceOrientations_iPad = "UIInterfaceOrientationPortrait UIInterfaceOrientationPortraitUpsideDown UIInterfaceOrientationLandscapeLeft UIInterfaceOrientationLandscapeRight";
				INFOPLIST_KEY_UISupportedInterfaceOrientations_iPhone = "UIInterfaceOrientationPortrait UIInterfaceOrientationLandscapeLeft UIInterfaceOrientationLandscapeRight";
				LD_RUNPATH_SEARCH_PATHS = (
					"$(inherited)",
					"@executable_path/Frameworks",
				);
				MARKETING_VERSION = 1.0;
				PRODUCT_BUNDLE_IDENTIFIER = tukre.WeatherApplication;
				PRODUCT_NAME = "$(TARGET_NAME)";
				SWIFT_EMIT_LOC_STRINGS = YES;
				SWIFT_VERSION = 5.0;
				TARGETED_DEVICE_FAMILY = "1,2";
			};
			name = Debug;
		};
		A767B195271AB45E00FE2985 /* Release */ = {
			isa = XCBuildConfiguration;
			buildSettings = {
				ASSETCATALOG_COMPILER_APPICON_NAME = AppIcon;
				ASSETCATALOG_COMPILER_GLOBAL_ACCENT_COLOR_NAME = AccentColor;
				CODE_SIGN_STYLE = Automatic;
				CURRENT_PROJECT_VERSION = 1;
				DEVELOPMENT_TEAM = ZVL2SV8VV7;
				GENERATE_INFOPLIST_FILE = YES;
				INFOPLIST_FILE = WeatherApplication/Info.plist;
				INFOPLIST_KEY_UIApplicationSupportsIndirectInputEvents = YES;
				INFOPLIST_KEY_UILaunchStoryboardName = LaunchScreen;
				INFOPLIST_KEY_UIMainStoryboardFile = Main;
				INFOPLIST_KEY_UISupportedInterfaceOrientations_iPad = "UIInterfaceOrientationPortrait UIInterfaceOrientationPortraitUpsideDown UIInterfaceOrientationLandscapeLeft UIInterfaceOrientationLandscapeRight";
				INFOPLIST_KEY_UISupportedInterfaceOrientations_iPhone = "UIInterfaceOrientationPortrait UIInterfaceOrientationLandscapeLeft UIInterfaceOrientationLandscapeRight";
				LD_RUNPATH_SEARCH_PATHS = (
					"$(inherited)",
					"@executable_path/Frameworks",
				);
				MARKETING_VERSION = 1.0;
				PRODUCT_BUNDLE_IDENTIFIER = tukre.WeatherApplication;
				PRODUCT_NAME = "$(TARGET_NAME)";
				SWIFT_EMIT_LOC_STRINGS = YES;
				SWIFT_VERSION = 5.0;
				TARGETED_DEVICE_FAMILY = "1,2";
			};
			name = Release;
		};
		A767B197271AB45E00FE2985 /* Debug */ = {
			isa = XCBuildConfiguration;
			buildSettings = {
				ALWAYS_EMBED_SWIFT_STANDARD_LIBRARIES = YES;
				BUNDLE_LOADER = "$(TEST_HOST)";
				CODE_SIGN_STYLE = Automatic;
				CURRENT_PROJECT_VERSION = 1;
				DEVELOPMENT_TEAM = ZVL2SV8VV7;
				GENERATE_INFOPLIST_FILE = YES;
				IPHONEOS_DEPLOYMENT_TARGET = 15.0;
				LD_RUNPATH_SEARCH_PATHS = (
					"$(inherited)",
					"@executable_path/Frameworks",
					"@loader_path/Frameworks",
				);
				MARKETING_VERSION = 1.0;
				PRODUCT_BUNDLE_IDENTIFIER = tukre.WeatherApplicationTests;
				PRODUCT_NAME = "$(TARGET_NAME)";
				SWIFT_EMIT_LOC_STRINGS = NO;
				SWIFT_VERSION = 5.0;
				TARGETED_DEVICE_FAMILY = "1,2";
				TEST_HOST = "$(BUILT_PRODUCTS_DIR)/WeatherApplication.app/WeatherApplication";
			};
			name = Debug;
		};
		A767B198271AB45E00FE2985 /* Release */ = {
			isa = XCBuildConfiguration;
			buildSettings = {
				ALWAYS_EMBED_SWIFT_STANDARD_LIBRARIES = YES;
				BUNDLE_LOADER = "$(TEST_HOST)";
				CODE_SIGN_STYLE = Automatic;
				CURRENT_PROJECT_VERSION = 1;
				DEVELOPMENT_TEAM = ZVL2SV8VV7;
				GENERATE_INFOPLIST_FILE = YES;
				IPHONEOS_DEPLOYMENT_TARGET = 15.0;
				LD_RUNPATH_SEARCH_PATHS = (
					"$(inherited)",
					"@executable_path/Frameworks",
					"@loader_path/Frameworks",
				);
				MARKETING_VERSION = 1.0;
				PRODUCT_BUNDLE_IDENTIFIER = tukre.WeatherApplicationTests;
				PRODUCT_NAME = "$(TARGET_NAME)";
				SWIFT_EMIT_LOC_STRINGS = NO;
				SWIFT_VERSION = 5.0;
				TARGETED_DEVICE_FAMILY = "1,2";
				TEST_HOST = "$(BUILT_PRODUCTS_DIR)/WeatherApplication.app/WeatherApplication";
			};
			name = Release;
		};
		A767B19A271AB45E00FE2985 /* Debug */ = {
			isa = XCBuildConfiguration;
			buildSettings = {
				ALWAYS_EMBED_SWIFT_STANDARD_LIBRARIES = YES;
				CODE_SIGN_STYLE = Automatic;
				CURRENT_PROJECT_VERSION = 1;
				DEVELOPMENT_TEAM = ZVL2SV8VV7;
				GENERATE_INFOPLIST_FILE = YES;
				LD_RUNPATH_SEARCH_PATHS = (
					"$(inherited)",
					"@executable_path/Frameworks",
					"@loader_path/Frameworks",
				);
				MARKETING_VERSION = 1.0;
				PRODUCT_BUNDLE_IDENTIFIER = tukre.WeatherApplicationUITests;
				PRODUCT_NAME = "$(TARGET_NAME)";
				SWIFT_EMIT_LOC_STRINGS = NO;
				SWIFT_VERSION = 5.0;
				TARGETED_DEVICE_FAMILY = "1,2";
				TEST_TARGET_NAME = WeatherApplication;
			};
			name = Debug;
		};
		A767B19B271AB45E00FE2985 /* Release */ = {
			isa = XCBuildConfiguration;
			buildSettings = {
				ALWAYS_EMBED_SWIFT_STANDARD_LIBRARIES = YES;
				CODE_SIGN_STYLE = Automatic;
				CURRENT_PROJECT_VERSION = 1;
				DEVELOPMENT_TEAM = ZVL2SV8VV7;
				GENERATE_INFOPLIST_FILE = YES;
				LD_RUNPATH_SEARCH_PATHS = (
					"$(inherited)",
					"@executable_path/Frameworks",
					"@loader_path/Frameworks",
				);
				MARKETING_VERSION = 1.0;
				PRODUCT_BUNDLE_IDENTIFIER = tukre.WeatherApplicationUITests;
				PRODUCT_NAME = "$(TARGET_NAME)";
				SWIFT_EMIT_LOC_STRINGS = NO;
				SWIFT_VERSION = 5.0;
				TARGETED_DEVICE_FAMILY = "1,2";
				TEST_TARGET_NAME = WeatherApplication;
			};
			name = Release;
		};
/* End XCBuildConfiguration section */

/* Begin XCConfigurationList section */
		A767B161271AB45D00FE2985 /* Build configuration list for PBXProject "WeatherApplication" */ = {
			isa = XCConfigurationList;
			buildConfigurations = (
				A767B191271AB45E00FE2985 /* Debug */,
				A767B192271AB45E00FE2985 /* Release */,
			);
			defaultConfigurationIsVisible = 0;
			defaultConfigurationName = Release;
		};
		A767B193271AB45E00FE2985 /* Build configuration list for PBXNativeTarget "WeatherApplication" */ = {
			isa = XCConfigurationList;
			buildConfigurations = (
				A767B194271AB45E00FE2985 /* Debug */,
				A767B195271AB45E00FE2985 /* Release */,
			);
			defaultConfigurationIsVisible = 0;
			defaultConfigurationName = Release;
		};
		A767B196271AB45E00FE2985 /* Build configuration list for PBXNativeTarget "WeatherApplicationTests" */ = {
			isa = XCConfigurationList;
			buildConfigurations = (
				A767B197271AB45E00FE2985 /* Debug */,
				A767B198271AB45E00FE2985 /* Release */,
			);
			defaultConfigurationIsVisible = 0;
			defaultConfigurationName = Release;
		};
		A767B199271AB45E00FE2985 /* Build configuration list for PBXNativeTarget "WeatherApplicationUITests" */ = {
			isa = XCConfigurationList;
			buildConfigurations = (
				A767B19A271AB45E00FE2985 /* Debug */,
				A767B19B271AB45E00FE2985 /* Release */,
			);
			defaultConfigurationIsVisible = 0;
			defaultConfigurationName = Release;
		};
/* End XCConfigurationList section */

/* Begin XCVersionGroup section */
		A767B172271AB45D00FE2985 /* WeatherApplication.xcdatamodeld */ = {
			isa = XCVersionGroup;
			children = (
				A767B173271AB45D00FE2985 /* WeatherApplication.xcdatamodel */,
			);
			currentVersion = A767B173271AB45D00FE2985 /* WeatherApplication.xcdatamodel */;
			path = WeatherApplication.xcdatamodeld;
			sourceTree = "<group>";
			versionGroupType = wrapper.xcdatamodel;
		};
/* End XCVersionGroup section */
	};
	rootObject = A767B15E271AB45D00FE2985 /* Project object */;
}
